
Microsoft Visual Studio Solution File, Format Version 12.00
# Visual Studio Version 16
VisualStudioVersion = 16.0.30225.117
MinimumVisualStudioVersion = 10.0.40219.1
Project("{FAE04EC0-301F-11D3-BF4B-00C04F79EFBC}") = "ConsoleApp1", "ConsoleApp1\ConsoleApp1.csproj", "{6BDF8D0D-1C16-46BD-911C-E8F47103A786}"
EndProject
Project("{FAE04EC0-301F-11D3-BF4B-00C04F79EFBC}") = "Testowy", "spoj.com.CALC\Testowy.csproj", "{05B16B3B-AEF1-4D79-9468-B17C9A124282}"
EndProject
Project("{FAE04EC0-301F-11D3-BF4B-00C04F79EFBC}") = "spoj.com.CALC", "spoj.com.CALC2\spoj.com.CALC.csproj", "{3410D900-FC35-4108-9540-44072B52B24C}"
EndProject
Project("{FAE04EC0-301F-11D3-BF4B-00C04F79EFBC}") = "spoj.com_CALC_enum", "spoj.com_CALC_enum\spoj.com_CALC_enum.csproj", "{D1B76D9D-2F76-4ACE-880D-73835A777A1F}"
EndProject
Project("{FAE04EC0-301F-11D3-BF4B-00C04F79EFBC}") = "spoj.com_PRIME_T", "spoj.com_PRIME_T\spoj.com_PRIME_T.csproj", "{1BAA53F9-EAF7-4E76-8788-24F945859E46}"
EndProject
Project("{FAE04EC0-301F-11D3-BF4B-00C04F79EFBC}") = "spoj.com_RNO_DOD", "spoj.com_RNO_DOD\spoj.com_RNO_DOD.csproj", "{52FF1BD2-CC4E-41C9-B523-A7C15E3C365C}"
EndProject
Project("{FAE04EC0-301F-11D3-BF4B-00C04F79EFBC}") = "spoj.com_PA05_POT+potegi", "spoj.com_PA05_POT+potegi\spoj.com_PA05_POT+potegi.csproj", "{CFC62AA3-032C-4AFE-822E-F35D41BC4E61}"
EndProject
Project("{FAE04EC0-301F-11D3-BF4B-00C04F79EFBC}") = "spoj.com_OSTBR", "spoj.com_OSTBR\spoj.com_OSTBR.csproj", "{A6EAAA44-CF6A-4759-A5D3-33E499FAC683}"
EndProject
Project("{FAE04EC0-301F-11D3-BF4B-00C04F79EFBC}") = "spoj.com_PPODST", "spoj.com_PPODST\spoj.com_PPODST.csproj", "{67331730-CCD0-4AFC-AE84-CE26D6707D68}"
EndProject
Project("{FAE04EC0-301F-11D3-BF4B-00C04F79EFBC}") = "spoj.com_MBSPOKO", "spoj.com_MBSPOKO\spoj.com_MBSPOKO.csproj", "{16EAE402-4863-4D1A-8D66-5C7E81F89CF5}"
EndProject
Project("{FAE04EC0-301F-11D3-BF4B-00C04F79EFBC}") = "www.w3resource.com_Array_1", "www.w3resource.com_Array_1\www.w3resource.com_Array_1.csproj", "{FAE68002-8367-46AB-B919-0D234737C2C5}"
EndProject
Project("{FAE04EC0-301F-11D3-BF4B-00C04F79EFBC}") = "www.w3resource.com_Array_2", "www.w3resource.com_Array_2\www.w3resource.com_Array_2.csproj", "{92CA1461-E603-4B9C-9136-4B6F8889157E}"
EndProject
Project("{FAE04EC0-301F-11D3-BF4B-00C04F79EFBC}") = "www.w3resource.com_Array_3", "www.w3resource.com_Array_3\www.w3resource.com_Array_3.csproj", "{8BEAA9F3-8887-453F-94D1-E21B649A1C91}"
EndProject
Project("{FAE04EC0-301F-11D3-BF4B-00C04F79EFBC}") = "www.w3resource.com_Array_4", "www.w3resource.com_Array_4\www.w3resource.com_Array_4.csproj", "{F217160A-9BBC-4F9A-9C29-675FB160B932}"
EndProject
Project("{FAE04EC0-301F-11D3-BF4B-00C04F79EFBC}") = "EnumyZadania", "Enumy_ćwiczenia\EnumyZadania.csproj", "{480B8EA5-4AA7-493E-B910-F20C89BD6ADF}"
EndProject
Project("{FAE04EC0-301F-11D3-BF4B-00C04F79EFBC}") = "w3resource.com_exercise_array_1", "w3resource.com_exercise_array_1\w3resource.com_exercise_array_1.csproj", "{195D46A8-6798-4D72-93D9-96E2725740F2}"
EndProject
Project("{FAE04EC0-301F-11D3-BF4B-00C04F79EFBC}") = "www.w3resource.com_Array_5", "www.w3resource.com_Array_5\www.w3resource.com_Array_5.csproj", "{81738642-7AA2-4E71-B70C-1EE501B15ADD}"
EndProject
Project("{FAE04EC0-301F-11D3-BF4B-00C04F79EFBC}") = "www.w3resource.com_Array_6", "www.w3resource.com_Array_6\www.w3resource.com_Array_6.csproj", "{77A0C7E5-F243-4049-B858-83E177C3BC0D}"
EndProject
Project("{FAE04EC0-301F-11D3-BF4B-00C04F79EFBC}") = "Common", "Common\Common.csproj", "{C71F3E0A-C844-4F01-989A-935307D2D273}"
EndProject
Project("{FAE04EC0-301F-11D3-BF4B-00C04F79EFBC}") = "www.w3resource.com_Array_7", "www.w3resource.com_Array_7\www.w3resource.com_Array_7.csproj", "{DAAE6D71-C75E-4CBA-B77A-BE2FBE5D9402}"
EndProject
Project("{FAE04EC0-301F-11D3-BF4B-00C04F79EFBC}") = "www.w3resource.com_Array_8", "www.w3resource.com_Array_8\www.w3resource.com_Array_8.csproj", "{3F341687-1E0A-4DFC-97B8-D0D68E9870CB}"
EndProject
Project("{FAE04EC0-301F-11D3-BF4B-00C04F79EFBC}") = "www.w3resource.com_Array_9", "www.w3resource.com_Array_9\www.w3resource.com_Array_9.csproj", "{92778917-94EA-4408-8269-A70B5DDA4BBE}"
EndProject
Project("{FAE04EC0-301F-11D3-BF4B-00C04F79EFBC}") = "www.w3resource.com_Array_10", "www.w3resource.com_Array_10\www.w3resource.com_Array_10.csproj", "{5D97286B-847D-4CD2-B64C-C06AC8C54F78}"
EndProject
Project("{FAE04EC0-301F-11D3-BF4B-00C04F79EFBC}") = "www.w3resource.com_Array_11", "www.w3resource.com_Array_11\www.w3resource.com_Array_11.csproj", "{5D683935-5381-46B2-AA03-BFA6256196ED}"
EndProject
Project("{FAE04EC0-301F-11D3-BF4B-00C04F79EFBC}") = "www.w3resource.com_Array_12", "www.w3resource.com_Array_12\www.w3resource.com_Array_12.csproj", "{E41C7902-F8FB-49FD-9656-4C37DA4F98F0}"
EndProject
Project("{FAE04EC0-301F-11D3-BF4B-00C04F79EFBC}") = "www.w3resource.com_Array_13", "www.w3resource.com_Array_13\www.w3resource.com_Array_13.csproj", "{70AAC307-A803-4463-9126-C53457E15F70}"
EndProject
Project("{FAE04EC0-301F-11D3-BF4B-00C04F79EFBC}") = "www.w3resource.com_Array_14", "www.w3resource.com_Array_14\www.w3resource.com_Array_14.csproj", "{5ED65596-54EC-4781-ABD5-9A7B4A744FFD}"
EndProject
Project("{FAE04EC0-301F-11D3-BF4B-00C04F79EFBC}") = "www.w3resource.com_Array_15", "www.w3resource.com_Array_15\www.w3resource.com_Array_15.csproj", "{A40B73F8-F219-480C-A4F9-DFE9E38C2A74}"
EndProject
Project("{FAE04EC0-301F-11D3-BF4B-00C04F79EFBC}") = "www.w3resource.com_Array_16", "www.w3resource.com_Array_16\www.w3resource.com_Array_16.csproj", "{6D6DA5CC-3FD4-43AD-96A4-C28809B0D107}"
EndProject
Project("{FAE04EC0-301F-11D3-BF4B-00C04F79EFBC}") = "www.w3resource.com_Array_17", "www.w3resource.com_Array_17\www.w3resource.com_Array_17.csproj", "{5AE88A74-5BF9-4048-AF96-BC7EFF11B746}"
EndProject
Project("{FAE04EC0-301F-11D3-BF4B-00C04F79EFBC}") = "www.w3resource.com_Array_18", "www.w3resource.com_Array_18\www.w3resource.com_Array_18.csproj", "{6237207D-7C33-4ECE-9D66-DFDEA08C15C5}"
EndProject
Project("{FAE04EC0-301F-11D3-BF4B-00C04F79EFBC}") = "www.w3resource.com_Array_19", "www.w3resource.com_Array_19\www.w3resource.com_Array_19.csproj", "{E1938F28-F2BB-4C55-A59F-A033F409DE52}"
EndProject
Project("{FAE04EC0-301F-11D3-BF4B-00C04F79EFBC}") = "Kalkulator", "Kalkulator\Kalkulator.csproj", "{7F302B41-F54D-4B88-A49A-C0BB7E283FB7}"
EndProject
Project("{FAE04EC0-301F-11D3-BF4B-00C04F79EFBC}") = "www.w3resource.com_Array20", "www.w3resource.com_Array20\www.w3resource.com_Array20.csproj", "{E9639988-5462-494E-BA5D-9C1908AFF9BD}"
EndProject
Project("{FAE04EC0-301F-11D3-BF4B-00C04F79EFBC}") = "Kalkulator2", "Kalkulator2\Kalkulator2.csproj", "{F89B6FCA-4E58-4CBD-A8C3-B0B320FC734C}"
EndProject
Project("{FAE04EC0-301F-11D3-BF4B-00C04F79EFBC}") = "www.w3resource.com_Array21", "www.w3resource.com_Array21\www.w3resource.com_Array21.csproj", "{4AC5CDE9-7E4D-4D54-9AFD-BFEF0F8C0C2C}"
EndProject
Project("{FAE04EC0-301F-11D3-BF4B-00C04F79EFBC}") = "www.w3resource.com_Array22", "www.w3resource.com_Array22\www.w3resource.com_Array22.csproj", "{6501FE3A-F3CB-4639-837E-EBEBB5F4A774}"
EndProject
Project("{FAE04EC0-301F-11D3-BF4B-00C04F79EFBC}") = "www.w3resource.com_Array23", "www.w3resource.com_Array23\www.w3resource.com_Array23.csproj", "{6B07B6DF-3982-4647-B304-FCD128E64690}"
EndProject
Project("{FAE04EC0-301F-11D3-BF4B-00C04F79EFBC}") = "www.w3resource.com_Array24", "www.w3resource.com_Array24\www.w3resource.com_Array24.csproj", "{D8631783-EFED-4100-8CA5-AD921ED33697}"
EndProject
Project("{FAE04EC0-301F-11D3-BF4B-00C04F79EFBC}") = "www.w3resource.com_Array25", "www.w3resource.com_Array25\www.w3resource.com_Array25.csproj", "{EA806288-7C2C-440D-AA54-907523E2C9B2}"
EndProject
Project("{FAE04EC0-301F-11D3-BF4B-00C04F79EFBC}") = "www.w3resource.com_Array26", "www.w3resource.com_Array26\www.w3resource.com_Array26.csproj", "{2E98810A-2F94-41B8-AAC3-5A056E7732C4}"
EndProject
Project("{FAE04EC0-301F-11D3-BF4B-00C04F79EFBC}") = "www.w3resource.com_Array27", "www.w3resource.com_Array27\www.w3resource.com_Array27.csproj", "{A3DF12A4-7DE7-49A9-B493-5C61C70FCFCF}"
EndProject
Project("{FAE04EC0-301F-11D3-BF4B-00C04F79EFBC}") = "www.w3resource.com_Array28", "www.w3resource.com_Array28\www.w3resource.com_Array28.csproj", "{6ECAE357-2D06-4FAA-AAA9-86A3971BE32C}"
EndProject
Project("{FAE04EC0-301F-11D3-BF4B-00C04F79EFBC}") = "www.w3resource.com_Array29", "www.w3resource.com_Array29\www.w3resource.com_Array29.csproj", "{D83FF60A-4B35-41C4-95EB-E059ECCCFA04}"
EndProject
Project("{FAE04EC0-301F-11D3-BF4B-00C04F79EFBC}") = "www.w3resource.com_Array30", "www.w3resource.com_Array30\www.w3resource.com_Array30.csproj", "{CFD166F4-F5DF-41A5-B0E4-CA58B3548871}"
EndProject
Project("{FAE04EC0-301F-11D3-BF4B-00C04F79EFBC}") = "www.w3resource.com_Array31", "www.w3resource.com_Array31\www.w3resource.com_Array31.csproj", "{AFCA8097-3DDB-4D20-8C96-55691DC302C8}"
EndProject
Project("{FAE04EC0-301F-11D3-BF4B-00C04F79EFBC}") = "www.w3resource.com_Function_4", "www.w3resource.com_Function_1\www.w3resource.com_Function_4.csproj", "{5DC93A7A-5C2C-404C-B955-6FE34D621EC2}"
EndProject
Project("{FAE04EC0-301F-11D3-BF4B-00C04F79EFBC}") = "www.w3resource.com_Function_5", "www.w3resource.com_Function_5\www.w3resource.com_Function_5.csproj", "{4E95B741-4670-48A3-B163-7A0DE0288F99}"
EndProject
Project("{FAE04EC0-301F-11D3-BF4B-00C04F79EFBC}") = "www.w3resource.com_Function_6", "www.w3resource.com_Function_6\www.w3resource.com_Function_6.csproj", "{994CB7B4-DB63-4BC4-BD17-12FDB7B55C65}"
EndProject
Project("{FAE04EC0-301F-11D3-BF4B-00C04F79EFBC}") = "Paint", "Paint\Paint.csproj", "{B7E92F8D-4DDA-4808-B768-676101274A9D}"
EndProject
Project("{FAE04EC0-301F-11D3-BF4B-00C04F79EFBC}") = "Counting word fruequency", "Counting word fruequency\Counting word fruequency.csproj", "{3783ADD8-2DBD-4B1B-8723-0C329F8B56DF}"
EndProject
Project("{FAE04EC0-301F-11D3-BF4B-00C04F79EFBC}") = "Digital Clock", "Digital Clock\Digital Clock.csproj", "{705D21FC-7D5E-4794-A5BA-4F47FCFF13E5}"
EndProject
Project("{FAE04EC0-301F-11D3-BF4B-00C04F79EFBC}") = "www.w3resource.com_DateTime_1", "www.w3resource.com_DateTime_1\www.w3resource.com_DateTime_1.csproj", "{3F58AD9E-58B3-472C-97AA-0FCB8E79A27E}"
EndProject
Project("{FAE04EC0-301F-11D3-BF4B-00C04F79EFBC}") = "www.w3resource.com_DateTime_2", "www.w3resource.com_DateTime_2\www.w3resource.com_DateTime_2.csproj", "{1F5D2FAA-BFB8-46E9-889E-614C03ED04BB}"
EndProject
Project("{FAE04EC0-301F-11D3-BF4B-00C04F79EFBC}") = "www.w3resource.com_DateTime_3", "www.w3resource.com_DateTime_3\www.w3resource.com_DateTime_3.csproj", "{5F4F938B-9A5D-4129-932E-596ECCC28CFF}"
EndProject
Project("{FAE04EC0-301F-11D3-BF4B-00C04F79EFBC}") = "www.w3resource.com_DateTime_4", "www.w3resource.com_DateTime_4\www.w3resource.com_DateTime_4.csproj", "{7929B0B4-3C23-4D88-BDF1-4026FFD78C41}"
EndProject
Project("{2150E333-8FDC-42A3-9474-1A3956D46DE8}") = "objects oriented exercises", "objects oriented exercises", "{114E9575-D522-40B9-ABC6-1BCD4009D692}"
EndProject
Project("{FAE04EC0-301F-11D3-BF4B-00C04F79EFBC}") = "Classes Student + Teacher", "Classes Student + Teacher\Classes Student + Teacher.csproj", "{FD094AB6-156B-42AB-8C7F-11D6A6A1EE40}"
EndProject
Project("{FAE04EC0-301F-11D3-BF4B-00C04F79EFBC}") = "PhotoAlbumTarea", "PhotoAlbumTarea\PhotoAlbumTarea.csproj", "{1FB73EEA-0629-42FA-8AFA-75984D6F4E3B}"
EndProject
Project("{FAE04EC0-301F-11D3-BF4B-00C04F79EFBC}") = "Shapes", "Shapes\Shapes.csproj", "{6E22BBE2-F081-408C-B6CF-0E77F9041A84}"
EndProject
Project("{FAE04EC0-301F-11D3-BF4B-00C04F79EFBC}") = "Array of objects - table", "Array of objects - table\Array of objects - table.csproj", "{EF316BAE-DAE1-4B86-9225-B7D484183CED}"
EndProject
Project("{FAE04EC0-301F-11D3-BF4B-00C04F79EFBC}") = "Encrypter", "Encrypter\Encrypter.csproj", "{447EB538-CC10-4A69-B546-FCC227F9A481}"
EndProject
Project("{FAE04EC0-301F-11D3-BF4B-00C04F79EFBC}") = "Sudoku", "Sudoku\Sudoku.csproj", "{E379ECA9-6135-444C-8D26-CC198C7D6162}"
EndProject
Project("{FAE04EC0-301F-11D3-BF4B-00C04F79EFBC}") = "Liczenie makroskładników", "Liczenie makroskładników\Liczenie makroskładników.csproj", "{17A45B20-9459-4BC6-B6CE-6E5B3F658C06}"
EndProject
Project("{FAE04EC0-301F-11D3-BF4B-00C04F79EFBC}") = "Hanoi Game", "Hanoi Game\Hanoi Game.csproj", "{5F6F1651-71EB-490E-AF67-BEA03C464D56}"
EndProject
Project("{FAE04EC0-301F-11D3-BF4B-00C04F79EFBC}") = "Snake Game", "Snake Game\Snake Game.csproj", "{57C5EAA1-210E-40E5-B68E-447CAA8E410B}"
EndProject
Project("{FAE04EC0-301F-11D3-BF4B-00C04F79EFBC}") = "www.w3resource.com_Function_7", "www.w3resource.com_Function_7\www.w3resource.com_Function_7.csproj", "{7CDE9E92-DA42-4299-9201-CCFCD0757387}"
EndProject
Project("{FAE04EC0-301F-11D3-BF4B-00C04F79EFBC}") = "www.w3resource.com_Function_8", "www.w3resource.com_Function_8\www.w3resource.com_Function_8.csproj", "{5B21AF89-A37B-4907-853A-52B658273B5F}"
EndProject
Project("{FAE04EC0-301F-11D3-BF4B-00C04F79EFBC}") = "www.w3resource.com_Function_9", "www.w3resource.com_Function_9\www.w3resource.com_Function_9.csproj", "{98D9C400-1C58-49AF-B6CE-498CFD0FF52E}"
EndProject
Project("{FAE04EC0-301F-11D3-BF4B-00C04F79EFBC}") = "www.w3resource.com_Function_10", "www.w3resource.com_Function_10\www.w3resource.com_Function_10.csproj", "{CD8D02FE-6FE3-4B8D-8343-042992E92F69}"
EndProject
Project("{FAE04EC0-301F-11D3-BF4B-00C04F79EFBC}") = "www.w3resource.com_Function_11", "www.w3resource.com_Function_11\www.w3resource.com_Function_11.csproj", "{85DBE414-2C19-412A-84C5-0EC462DEED72}"
EndProject
Project("{FAE04EC0-301F-11D3-BF4B-00C04F79EFBC}") = "www.w3resource.com_Function_12", "www.w3resource.com_Function_12\www.w3resource.com_Function_12.csproj", "{3E78DF11-ADA7-4B04-842D-1B654FC2F1D1}"
EndProject
Project("{FAE04EC0-301F-11D3-BF4B-00C04F79EFBC}") = "www.w3resource.com_Recursion_1", "www.w3resource.com_Recursion_1\www.w3resource.com_Recursion_1.csproj", "{01A69237-0BDF-40C1-886D-447CA60C5A0C}"
EndProject
Project("{FAE04EC0-301F-11D3-BF4B-00C04F79EFBC}") = "www.w3resource.com_Recursion_2", "www.w3resource.com_Recursion_2\www.w3resource.com_Recursion_2.csproj", "{7F0E4B5C-52D9-4A30-A2BB-E26A38626B9B}"
EndProject
Project("{FAE04EC0-301F-11D3-BF4B-00C04F79EFBC}") = "Tetris", "Tetris\Tetris.csproj", "{5DBCF214-9989-4BE0-AE30-CC3B98D34280}"
EndProject
Project("{FAE04EC0-301F-11D3-BF4B-00C04F79EFBC}") = "www.w3resource.com_Recursion_3", "www.w3resource.com_Recursion_3\www.w3resource.com_Recursion_3.csproj", "{418189CB-E5B0-45F2-A8D5-F4CADB6EC505}"
EndProject
Project("{FAE04EC0-301F-11D3-BF4B-00C04F79EFBC}") = "www.w3resource.com_Recursion_4", "www.w3resource.com_Recursion_4\www.w3resource.com_Recursion_4.csproj", "{86F9C513-B11E-4B8C-AAC0-5AE70ABAC3B1}"
EndProject
Project("{FAE04EC0-301F-11D3-BF4B-00C04F79EFBC}") = "www.w3resource.com_Recursion_5", "www.w3resource.com_Recursion_5\www.w3resource.com_Recursion_5.csproj", "{A39C7DB5-4B72-4854-A810-D7369027A8CD}"
EndProject
Project("{FAE04EC0-301F-11D3-BF4B-00C04F79EFBC}") = "www.w3resource.com_Recursion_6", "www.w3resource.com_Recursion_6\www.w3resource.com_Recursion_6.csproj", "{AE47C740-2715-493D-B947-8E9CCA8B625A}"
EndProject
Project("{FAE04EC0-301F-11D3-BF4B-00C04F79EFBC}") = "www.w3resource.com_Recursion_7", "www.w3resource.com_Recursion_7\www.w3resource.com_Recursion_7.csproj", "{DFCD5A94-1F35-4E7E-A114-A3992EED79FB}"
EndProject
Project("{FAE04EC0-301F-11D3-BF4B-00C04F79EFBC}") = "www.w3resource.com_Recursion_8", "www.w3resource.com_Recursion_8\www.w3resource.com_Recursion_8.csproj", "{9D838362-D205-404F-869A-4A6B7D4B8EBB}"
EndProject
Project("{FAE04EC0-301F-11D3-BF4B-00C04F79EFBC}") = "www.w3resource.com_Recursion_9", "www.w3resource.com_Recursion_9\www.w3resource.com_Recursion_9.csproj", "{3CE3CB59-C081-461C-935E-A34CF5603C16}"
EndProject
Project("{FAE04EC0-301F-11D3-BF4B-00C04F79EFBC}") = "www.w3resource.com_Recursion_10", "www.w3resource.com_Recursion_10\www.w3resource.com_Recursion_10.csproj", "{0C84C6AC-E001-4591-A063-FAC6705F71A8}"
EndProject
Project("{FAE04EC0-301F-11D3-BF4B-00C04F79EFBC}") = "www.w3resource.com_Recursion_11", "www.w3resource.com_Recursion_11\www.w3resource.com_Recursion_11.csproj", "{DABF9612-3738-4481-B6A2-F2ECE4FD0C6B}"
EndProject
Project("{FAE04EC0-301F-11D3-BF4B-00C04F79EFBC}") = "Clicker speed test", "Clicker speed test\Clicker speed test.csproj", "{D818CDC4-8E2D-4A54-A749-E84D926FB335}"
EndProject
Project("{2150E333-8FDC-42A3-9474-1A3956D46DE8}") = "Matura informatyka - zadania", "Matura informatyka - zadania", "{7B921EDF-53B0-4458-AE52-505A3BD7D35B}"
EndProject
Project("{FAE04EC0-301F-11D3-BF4B-00C04F79EFBC}") = "2020 zad.2", "2020 zad.2\2020 zad.2.csproj", "{84BD8464-13F9-4C1E-86DF-7A4C613E458D}"
EndProject
Project("{FAE04EC0-301F-11D3-BF4B-00C04F79EFBC}") = "2020 zad.3.2", "2020 zad.3.2\2020 zad.3.2.csproj", "{381572CF-3AFF-4932-B6B8-57BA0A3E701E}"
EndProject
Project("{FAE04EC0-301F-11D3-BF4B-00C04F79EFBC}") = "2020 zad.4.1", "2020 zad.4.1\2020 zad.4.1.csproj", "{60E0E815-2E17-4229-B7B9-494A11142998}"
EndProject
Project("{FAE04EC0-301F-11D3-BF4B-00C04F79EFBC}") = "2020 zad.4.2", "2020 zad.4.2\2020 zad.4.2.csproj", "{AB3A76C5-2118-4399-B374-2FD804AACEA6}"
EndProject
Project("{FAE04EC0-301F-11D3-BF4B-00C04F79EFBC}") = "2019 zad.4.1", "2019 zad.4.1\2019 zad.4.1.csproj", "{73FCB618-0FC9-4839-8431-F18176508D24}"
EndProject
Project("{FAE04EC0-301F-11D3-BF4B-00C04F79EFBC}") = "2019 zad.4.2", "2019 zad.4.2\2019 zad.4.2.csproj", "{2A2C424C-2DAF-42CB-A8E1-AB0963810591}"
EndProject
Project("{FAE04EC0-301F-11D3-BF4B-00C04F79EFBC}") = "2019 zad.5.1", "2019 zad.5.1\2019 zad.5.1.csproj", "{0B45AB42-BFB8-45B9-85FC-A92ACC35AC5B}"
EndProject
Project("{FAE04EC0-301F-11D3-BF4B-00C04F79EFBC}") = "2019 zad.5.2", "2019 zad.5.2\2019 zad.5.2.csproj", "{BF1311A8-8289-4B5A-A677-BD32E8204A74}"
EndProject
Project("{FAE04EC0-301F-11D3-BF4B-00C04F79EFBC}") = "lambda", "lambda\lambda.csproj", "{3615B91A-2355-463B-AB68-338EF086B551}"
EndProject
Project("{FAE04EC0-301F-11D3-BF4B-00C04F79EFBC}") = "delegate", "delegate\delegate.csproj", "{6156D93D-7CC8-4B98-8D9B-0EA474553894}"
EndProject
Project("{FAE04EC0-301F-11D3-BF4B-00C04F79EFBC}") = "delegate 2", "delegate 2\delegate 2.csproj", "{EC7FA043-85D4-45D2-B69C-572EA8AA444C}"
EndProject
Project("{2150E333-8FDC-42A3-9474-1A3956D46DE8}") = "Language syntax exercises", "Language syntax exercises", "{33BFEC95-4DEA-4CC4-BE29-DC82BD62EF91}"
EndProject
Project("{FAE04EC0-301F-11D3-BF4B-00C04F79EFBC}") = "delegate 3", "delegate 3\delegate 3.csproj", "{45816AEF-802F-4BAA-982A-A58D1EC4782F}"
EndProject
Project("{FAE04EC0-301F-11D3-BF4B-00C04F79EFBC}") = "Delegate application", "Delegate application\Delegate application.csproj", "{9931BE6E-8260-4CAB-9892-16CC4CF60FA3}"
EndProject
Project("{FAE04EC0-301F-11D3-BF4B-00C04F79EFBC}") = "Interfaces", "Interfaces\Interfaces.csproj", "{2AB2536F-7AFE-48D7-AF59-B76DEBFA513A}"
EndProject
Project("{FAE04EC0-301F-11D3-BF4B-00C04F79EFBC}") = "Interfaces2", "Interfaces2\Interfaces2.csproj", "{30022286-7763-458C-A8A6-0296C6C0CA19}"
EndProject
Project("{FAE04EC0-301F-11D3-BF4B-00C04F79EFBC}") = "Stream1", "Stream1\Stream1.csproj", "{F7E8D11A-1517-4E1F-B7AF-81361BA612CA}"
EndProject
Project("{FAE04EC0-301F-11D3-BF4B-00C04F79EFBC}") = "dynamic", "dynamic\dynamic.csproj", "{3278E212-876A-462B-9382-AB5A89BBE291}"
EndProject
Project("{FAE04EC0-301F-11D3-BF4B-00C04F79EFBC}") = "WpfApp1", "WpfApp1\WpfApp1.csproj", "{67356538-8C5B-41B8-B0C4-813A65A8FE41}"
EndProject
Project("{2150E333-8FDC-42A3-9474-1A3956D46DE8}") = "WPF", "WPF", "{DA9ACA70-5D83-4212-B817-47EC90BEA105}"
EndProject
Project("{FAE04EC0-301F-11D3-BF4B-00C04F79EFBC}") = "KalkulatorWPF", "KalkulatorWPF\KalkulatorWPF.csproj", "{8C280993-4516-4A59-84FE-32758B9B4D6D}"
EndProject
Project("{FAE04EC0-301F-11D3-BF4B-00C04F79EFBC}") = "Empty project to practise", "Empty project to practise\Empty project to practise.csproj", "{3B311868-3FD8-4B49-84A4-6D8F8AFF55AD}"
EndProject
Project("{FAE04EC0-301F-11D3-BF4B-00C04F79EFBC}") = "Rock Paper Scissors Game", "Rock Paper Scissors Game\Rock Paper Scissors Game.csproj", "{619BA876-38C1-4D12-8859-A9A4E336FE82}"
EndProject
Project("{9A19103F-16F7-4668-BE54-9A1E7A4F7556}") = "Dice Roll Simulator", "Dice Roll Simulator\Dice Roll Simulator.csproj", "{09A15B70-FF8D-4C04-B608-10243CE9F3B1}"
EndProject
Project("{2150E333-8FDC-42A3-9474-1A3956D46DE8}") = "Converting", "Converting", "{7D1475B8-552B-4177-AF25-512B0D99D81D}"
EndProject
Project("{FAE04EC0-301F-11D3-BF4B-00C04F79EFBC}") = "FromDecimalToBinary", "FromDecimalToBinary\FromDecimalToBinary.csproj", "{95A474AD-D146-4A2D-B9AD-20C35F553F0E}"
EndProject
Project("{FAE04EC0-301F-11D3-BF4B-00C04F79EFBC}") = "FromBinaryToDecimal", "FromBinaryToDecimal\FromBinaryToDecimal.csproj", "{6DCABF8C-E804-4D05-BA09-C333F0648737}"
EndProject
Project("{FAE04EC0-301F-11D3-BF4B-00C04F79EFBC}") = "abstract class", "abstract class\abstract class.csproj", "{2C1F2B2A-4EFF-4A5E-933F-FEF88DFE8125}"
EndProject
Project("{2150E333-8FDC-42A3-9474-1A3956D46DE8}") = "Mathematical", "Mathematical", "{CBDB39F8-8691-4231-B373-12484F00F9A9}"
EndProject
Project("{FAE04EC0-301F-11D3-BF4B-00C04F79EFBC}") = "Quadratic function", "Quadratic function\Quadratic function.csproj", "{064B9F30-6B5E-4172-B009-5398030B1AF6}"
EndProject
Project("{FAE04EC0-301F-11D3-BF4B-00C04F79EFBC}") = "Euklides Algorithm", "Euklides Algorithm\Euklides Algorithm.csproj", "{4C0E486B-4581-4CA1-A466-4ACDCE704094}"
EndProject
Project("{9A19103F-16F7-4668-BE54-9A1E7A4F7556}") = "To do list", "To do list\To do list.csproj", "{9BB27EF7-5FB3-4ABB-B63E-770326C027AD}"
EndProject
Project("{9A19103F-16F7-4668-BE54-9A1E7A4F7556}") = "HardwareInfo", "HardwareInfo\HardwareInfo.csproj", "{496541BC-7C0C-46AC-A1BC-4B8397B20A6C}"
EndProject
Project("{FAE04EC0-301F-11D3-BF4B-00C04F79EFBC}") = "WpfEntityframeworkWithDbfirst", "WpfEntityframeworkWithDbfirst\WpfEntityframeworkWithDbfirst.csproj", "{5D6C06DC-0497-4576-8BF1-F58086069871}"
EndProject
Project("{FAE04EC0-301F-11D3-BF4B-00C04F79EFBC}") = "Bank application", "Bank application\Bank application.csproj", "{B8A68022-CEBA-4A46-A5C9-746F88647D7C}"
EndProject
Project("{FAE04EC0-301F-11D3-BF4B-00C04F79EFBC}") = "FirstApplicationWithAnimation", "FirstApplicationWithAnimation\FirstApplicationWithAnimation.csproj", "{BA212F19-FFCC-4945-9749-150723062425}"
EndProject
Project("{FAE04EC0-301F-11D3-BF4B-00C04F79EFBC}") = "RoundProgressBarAplication", "RoundProgressBarAplication\RoundProgressBarAplication.csproj", "{28F23137-90A2-4A3B-8C4C-D317DFC83476}"
EndProject
Project("{FAE04EC0-301F-11D3-BF4B-00C04F79EFBC}") = "Button moving window application", "Button moving window application\Button moving window application.csproj", "{C20AD11D-B4FA-4812-A69C-696F0BA7CD05}"
EndProject
Project("{2150E333-8FDC-42A3-9474-1A3956D46DE8}") = "Xamarin", "Xamarin", "{2AD941BC-36CB-4DF1-A71D-C3C80503466F}"
EndProject
Global
	GlobalSection(SolutionConfigurationPlatforms) = preSolution
		Debug|Any CPU = Debug|Any CPU
		Release|Any CPU = Release|Any CPU
	EndGlobalSection
	GlobalSection(ProjectConfigurationPlatforms) = postSolution
		{6BDF8D0D-1C16-46BD-911C-E8F47103A786}.Debug|Any CPU.ActiveCfg = Debug|Any CPU
		{6BDF8D0D-1C16-46BD-911C-E8F47103A786}.Debug|Any CPU.Build.0 = Debug|Any CPU
		{6BDF8D0D-1C16-46BD-911C-E8F47103A786}.Release|Any CPU.ActiveCfg = Release|Any CPU
		{6BDF8D0D-1C16-46BD-911C-E8F47103A786}.Release|Any CPU.Build.0 = Release|Any CPU
		{05B16B3B-AEF1-4D79-9468-B17C9A124282}.Debug|Any CPU.ActiveCfg = Debug|Any CPU
		{05B16B3B-AEF1-4D79-9468-B17C9A124282}.Debug|Any CPU.Build.0 = Debug|Any CPU
		{05B16B3B-AEF1-4D79-9468-B17C9A124282}.Release|Any CPU.ActiveCfg = Release|Any CPU
		{05B16B3B-AEF1-4D79-9468-B17C9A124282}.Release|Any CPU.Build.0 = Release|Any CPU
		{3410D900-FC35-4108-9540-44072B52B24C}.Debug|Any CPU.ActiveCfg = Debug|Any CPU
		{3410D900-FC35-4108-9540-44072B52B24C}.Debug|Any CPU.Build.0 = Debug|Any CPU
		{3410D900-FC35-4108-9540-44072B52B24C}.Release|Any CPU.ActiveCfg = Release|Any CPU
		{3410D900-FC35-4108-9540-44072B52B24C}.Release|Any CPU.Build.0 = Release|Any CPU
		{D1B76D9D-2F76-4ACE-880D-73835A777A1F}.Debug|Any CPU.ActiveCfg = Debug|Any CPU
		{D1B76D9D-2F76-4ACE-880D-73835A777A1F}.Debug|Any CPU.Build.0 = Debug|Any CPU
		{D1B76D9D-2F76-4ACE-880D-73835A777A1F}.Release|Any CPU.ActiveCfg = Release|Any CPU
		{D1B76D9D-2F76-4ACE-880D-73835A777A1F}.Release|Any CPU.Build.0 = Release|Any CPU
		{1BAA53F9-EAF7-4E76-8788-24F945859E46}.Debug|Any CPU.ActiveCfg = Debug|Any CPU
		{1BAA53F9-EAF7-4E76-8788-24F945859E46}.Debug|Any CPU.Build.0 = Debug|Any CPU
		{1BAA53F9-EAF7-4E76-8788-24F945859E46}.Release|Any CPU.ActiveCfg = Release|Any CPU
		{1BAA53F9-EAF7-4E76-8788-24F945859E46}.Release|Any CPU.Build.0 = Release|Any CPU
		{52FF1BD2-CC4E-41C9-B523-A7C15E3C365C}.Debug|Any CPU.ActiveCfg = Debug|Any CPU
		{52FF1BD2-CC4E-41C9-B523-A7C15E3C365C}.Debug|Any CPU.Build.0 = Debug|Any CPU
		{52FF1BD2-CC4E-41C9-B523-A7C15E3C365C}.Release|Any CPU.ActiveCfg = Release|Any CPU
		{52FF1BD2-CC4E-41C9-B523-A7C15E3C365C}.Release|Any CPU.Build.0 = Release|Any CPU
		{CFC62AA3-032C-4AFE-822E-F35D41BC4E61}.Debug|Any CPU.ActiveCfg = Debug|Any CPU
		{CFC62AA3-032C-4AFE-822E-F35D41BC4E61}.Debug|Any CPU.Build.0 = Debug|Any CPU
		{CFC62AA3-032C-4AFE-822E-F35D41BC4E61}.Release|Any CPU.ActiveCfg = Release|Any CPU
		{CFC62AA3-032C-4AFE-822E-F35D41BC4E61}.Release|Any CPU.Build.0 = Release|Any CPU
		{A6EAAA44-CF6A-4759-A5D3-33E499FAC683}.Debug|Any CPU.ActiveCfg = Debug|Any CPU
		{A6EAAA44-CF6A-4759-A5D3-33E499FAC683}.Debug|Any CPU.Build.0 = Debug|Any CPU
		{A6EAAA44-CF6A-4759-A5D3-33E499FAC683}.Release|Any CPU.ActiveCfg = Release|Any CPU
		{A6EAAA44-CF6A-4759-A5D3-33E499FAC683}.Release|Any CPU.Build.0 = Release|Any CPU
		{67331730-CCD0-4AFC-AE84-CE26D6707D68}.Debug|Any CPU.ActiveCfg = Debug|Any CPU
		{67331730-CCD0-4AFC-AE84-CE26D6707D68}.Debug|Any CPU.Build.0 = Debug|Any CPU
		{67331730-CCD0-4AFC-AE84-CE26D6707D68}.Release|Any CPU.ActiveCfg = Release|Any CPU
		{67331730-CCD0-4AFC-AE84-CE26D6707D68}.Release|Any CPU.Build.0 = Release|Any CPU
		{16EAE402-4863-4D1A-8D66-5C7E81F89CF5}.Debug|Any CPU.ActiveCfg = Debug|Any CPU
		{16EAE402-4863-4D1A-8D66-5C7E81F89CF5}.Debug|Any CPU.Build.0 = Debug|Any CPU
		{16EAE402-4863-4D1A-8D66-5C7E81F89CF5}.Release|Any CPU.ActiveCfg = Release|Any CPU
		{16EAE402-4863-4D1A-8D66-5C7E81F89CF5}.Release|Any CPU.Build.0 = Release|Any CPU
		{FAE68002-8367-46AB-B919-0D234737C2C5}.Debug|Any CPU.ActiveCfg = Debug|Any CPU
		{FAE68002-8367-46AB-B919-0D234737C2C5}.Debug|Any CPU.Build.0 = Debug|Any CPU
		{FAE68002-8367-46AB-B919-0D234737C2C5}.Release|Any CPU.ActiveCfg = Release|Any CPU
		{FAE68002-8367-46AB-B919-0D234737C2C5}.Release|Any CPU.Build.0 = Release|Any CPU
		{92CA1461-E603-4B9C-9136-4B6F8889157E}.Debug|Any CPU.ActiveCfg = Debug|Any CPU
		{92CA1461-E603-4B9C-9136-4B6F8889157E}.Debug|Any CPU.Build.0 = Debug|Any CPU
		{92CA1461-E603-4B9C-9136-4B6F8889157E}.Release|Any CPU.ActiveCfg = Release|Any CPU
		{92CA1461-E603-4B9C-9136-4B6F8889157E}.Release|Any CPU.Build.0 = Release|Any CPU
		{8BEAA9F3-8887-453F-94D1-E21B649A1C91}.Debug|Any CPU.ActiveCfg = Debug|Any CPU
		{8BEAA9F3-8887-453F-94D1-E21B649A1C91}.Debug|Any CPU.Build.0 = Debug|Any CPU
		{8BEAA9F3-8887-453F-94D1-E21B649A1C91}.Release|Any CPU.ActiveCfg = Release|Any CPU
		{8BEAA9F3-8887-453F-94D1-E21B649A1C91}.Release|Any CPU.Build.0 = Release|Any CPU
		{F217160A-9BBC-4F9A-9C29-675FB160B932}.Debug|Any CPU.ActiveCfg = Debug|Any CPU
		{F217160A-9BBC-4F9A-9C29-675FB160B932}.Debug|Any CPU.Build.0 = Debug|Any CPU
		{F217160A-9BBC-4F9A-9C29-675FB160B932}.Release|Any CPU.ActiveCfg = Release|Any CPU
		{F217160A-9BBC-4F9A-9C29-675FB160B932}.Release|Any CPU.Build.0 = Release|Any CPU
		{480B8EA5-4AA7-493E-B910-F20C89BD6ADF}.Debug|Any CPU.ActiveCfg = Debug|Any CPU
		{480B8EA5-4AA7-493E-B910-F20C89BD6ADF}.Debug|Any CPU.Build.0 = Debug|Any CPU
		{480B8EA5-4AA7-493E-B910-F20C89BD6ADF}.Release|Any CPU.ActiveCfg = Release|Any CPU
		{480B8EA5-4AA7-493E-B910-F20C89BD6ADF}.Release|Any CPU.Build.0 = Release|Any CPU
		{195D46A8-6798-4D72-93D9-96E2725740F2}.Debug|Any CPU.ActiveCfg = Debug|Any CPU
		{195D46A8-6798-4D72-93D9-96E2725740F2}.Debug|Any CPU.Build.0 = Debug|Any CPU
		{195D46A8-6798-4D72-93D9-96E2725740F2}.Release|Any CPU.ActiveCfg = Release|Any CPU
		{195D46A8-6798-4D72-93D9-96E2725740F2}.Release|Any CPU.Build.0 = Release|Any CPU
		{81738642-7AA2-4E71-B70C-1EE501B15ADD}.Debug|Any CPU.ActiveCfg = Debug|Any CPU
		{81738642-7AA2-4E71-B70C-1EE501B15ADD}.Debug|Any CPU.Build.0 = Debug|Any CPU
		{81738642-7AA2-4E71-B70C-1EE501B15ADD}.Release|Any CPU.ActiveCfg = Release|Any CPU
		{81738642-7AA2-4E71-B70C-1EE501B15ADD}.Release|Any CPU.Build.0 = Release|Any CPU
		{77A0C7E5-F243-4049-B858-83E177C3BC0D}.Debug|Any CPU.ActiveCfg = Debug|Any CPU
		{77A0C7E5-F243-4049-B858-83E177C3BC0D}.Debug|Any CPU.Build.0 = Debug|Any CPU
		{77A0C7E5-F243-4049-B858-83E177C3BC0D}.Release|Any CPU.ActiveCfg = Release|Any CPU
		{77A0C7E5-F243-4049-B858-83E177C3BC0D}.Release|Any CPU.Build.0 = Release|Any CPU
		{C71F3E0A-C844-4F01-989A-935307D2D273}.Debug|Any CPU.ActiveCfg = Debug|Any CPU
		{C71F3E0A-C844-4F01-989A-935307D2D273}.Debug|Any CPU.Build.0 = Debug|Any CPU
		{C71F3E0A-C844-4F01-989A-935307D2D273}.Release|Any CPU.ActiveCfg = Release|Any CPU
		{C71F3E0A-C844-4F01-989A-935307D2D273}.Release|Any CPU.Build.0 = Release|Any CPU
		{DAAE6D71-C75E-4CBA-B77A-BE2FBE5D9402}.Debug|Any CPU.ActiveCfg = Debug|Any CPU
		{DAAE6D71-C75E-4CBA-B77A-BE2FBE5D9402}.Debug|Any CPU.Build.0 = Debug|Any CPU
		{DAAE6D71-C75E-4CBA-B77A-BE2FBE5D9402}.Release|Any CPU.ActiveCfg = Release|Any CPU
		{DAAE6D71-C75E-4CBA-B77A-BE2FBE5D9402}.Release|Any CPU.Build.0 = Release|Any CPU
		{3F341687-1E0A-4DFC-97B8-D0D68E9870CB}.Debug|Any CPU.ActiveCfg = Debug|Any CPU
		{3F341687-1E0A-4DFC-97B8-D0D68E9870CB}.Debug|Any CPU.Build.0 = Debug|Any CPU
		{3F341687-1E0A-4DFC-97B8-D0D68E9870CB}.Release|Any CPU.ActiveCfg = Release|Any CPU
		{3F341687-1E0A-4DFC-97B8-D0D68E9870CB}.Release|Any CPU.Build.0 = Release|Any CPU
		{92778917-94EA-4408-8269-A70B5DDA4BBE}.Debug|Any CPU.ActiveCfg = Debug|Any CPU
		{92778917-94EA-4408-8269-A70B5DDA4BBE}.Debug|Any CPU.Build.0 = Debug|Any CPU
		{92778917-94EA-4408-8269-A70B5DDA4BBE}.Release|Any CPU.ActiveCfg = Release|Any CPU
		{92778917-94EA-4408-8269-A70B5DDA4BBE}.Release|Any CPU.Build.0 = Release|Any CPU
		{5D97286B-847D-4CD2-B64C-C06AC8C54F78}.Debug|Any CPU.ActiveCfg = Debug|Any CPU
		{5D97286B-847D-4CD2-B64C-C06AC8C54F78}.Debug|Any CPU.Build.0 = Debug|Any CPU
		{5D97286B-847D-4CD2-B64C-C06AC8C54F78}.Release|Any CPU.ActiveCfg = Release|Any CPU
		{5D97286B-847D-4CD2-B64C-C06AC8C54F78}.Release|Any CPU.Build.0 = Release|Any CPU
		{5D683935-5381-46B2-AA03-BFA6256196ED}.Debug|Any CPU.ActiveCfg = Debug|Any CPU
		{5D683935-5381-46B2-AA03-BFA6256196ED}.Debug|Any CPU.Build.0 = Debug|Any CPU
		{5D683935-5381-46B2-AA03-BFA6256196ED}.Release|Any CPU.ActiveCfg = Release|Any CPU
		{5D683935-5381-46B2-AA03-BFA6256196ED}.Release|Any CPU.Build.0 = Release|Any CPU
		{E41C7902-F8FB-49FD-9656-4C37DA4F98F0}.Debug|Any CPU.ActiveCfg = Debug|Any CPU
		{E41C7902-F8FB-49FD-9656-4C37DA4F98F0}.Debug|Any CPU.Build.0 = Debug|Any CPU
		{E41C7902-F8FB-49FD-9656-4C37DA4F98F0}.Release|Any CPU.ActiveCfg = Release|Any CPU
		{E41C7902-F8FB-49FD-9656-4C37DA4F98F0}.Release|Any CPU.Build.0 = Release|Any CPU
		{70AAC307-A803-4463-9126-C53457E15F70}.Debug|Any CPU.ActiveCfg = Debug|Any CPU
		{70AAC307-A803-4463-9126-C53457E15F70}.Debug|Any CPU.Build.0 = Debug|Any CPU
		{70AAC307-A803-4463-9126-C53457E15F70}.Release|Any CPU.ActiveCfg = Release|Any CPU
		{70AAC307-A803-4463-9126-C53457E15F70}.Release|Any CPU.Build.0 = Release|Any CPU
		{5ED65596-54EC-4781-ABD5-9A7B4A744FFD}.Debug|Any CPU.ActiveCfg = Debug|Any CPU
		{5ED65596-54EC-4781-ABD5-9A7B4A744FFD}.Debug|Any CPU.Build.0 = Debug|Any CPU
		{5ED65596-54EC-4781-ABD5-9A7B4A744FFD}.Release|Any CPU.ActiveCfg = Release|Any CPU
		{5ED65596-54EC-4781-ABD5-9A7B4A744FFD}.Release|Any CPU.Build.0 = Release|Any CPU
		{A40B73F8-F219-480C-A4F9-DFE9E38C2A74}.Debug|Any CPU.ActiveCfg = Debug|Any CPU
		{A40B73F8-F219-480C-A4F9-DFE9E38C2A74}.Debug|Any CPU.Build.0 = Debug|Any CPU
		{A40B73F8-F219-480C-A4F9-DFE9E38C2A74}.Release|Any CPU.ActiveCfg = Release|Any CPU
		{A40B73F8-F219-480C-A4F9-DFE9E38C2A74}.Release|Any CPU.Build.0 = Release|Any CPU
		{6D6DA5CC-3FD4-43AD-96A4-C28809B0D107}.Debug|Any CPU.ActiveCfg = Debug|Any CPU
		{6D6DA5CC-3FD4-43AD-96A4-C28809B0D107}.Debug|Any CPU.Build.0 = Debug|Any CPU
		{6D6DA5CC-3FD4-43AD-96A4-C28809B0D107}.Release|Any CPU.ActiveCfg = Release|Any CPU
		{6D6DA5CC-3FD4-43AD-96A4-C28809B0D107}.Release|Any CPU.Build.0 = Release|Any CPU
		{5AE88A74-5BF9-4048-AF96-BC7EFF11B746}.Debug|Any CPU.ActiveCfg = Debug|Any CPU
		{5AE88A74-5BF9-4048-AF96-BC7EFF11B746}.Debug|Any CPU.Build.0 = Debug|Any CPU
		{5AE88A74-5BF9-4048-AF96-BC7EFF11B746}.Release|Any CPU.ActiveCfg = Release|Any CPU
		{5AE88A74-5BF9-4048-AF96-BC7EFF11B746}.Release|Any CPU.Build.0 = Release|Any CPU
		{6237207D-7C33-4ECE-9D66-DFDEA08C15C5}.Debug|Any CPU.ActiveCfg = Debug|Any CPU
		{6237207D-7C33-4ECE-9D66-DFDEA08C15C5}.Debug|Any CPU.Build.0 = Debug|Any CPU
		{6237207D-7C33-4ECE-9D66-DFDEA08C15C5}.Release|Any CPU.ActiveCfg = Release|Any CPU
		{6237207D-7C33-4ECE-9D66-DFDEA08C15C5}.Release|Any CPU.Build.0 = Release|Any CPU
		{E1938F28-F2BB-4C55-A59F-A033F409DE52}.Debug|Any CPU.ActiveCfg = Debug|Any CPU
		{E1938F28-F2BB-4C55-A59F-A033F409DE52}.Debug|Any CPU.Build.0 = Debug|Any CPU
		{E1938F28-F2BB-4C55-A59F-A033F409DE52}.Release|Any CPU.ActiveCfg = Release|Any CPU
		{E1938F28-F2BB-4C55-A59F-A033F409DE52}.Release|Any CPU.Build.0 = Release|Any CPU
		{7F302B41-F54D-4B88-A49A-C0BB7E283FB7}.Debug|Any CPU.ActiveCfg = Debug|Any CPU
		{7F302B41-F54D-4B88-A49A-C0BB7E283FB7}.Debug|Any CPU.Build.0 = Debug|Any CPU
		{7F302B41-F54D-4B88-A49A-C0BB7E283FB7}.Release|Any CPU.ActiveCfg = Release|Any CPU
		{7F302B41-F54D-4B88-A49A-C0BB7E283FB7}.Release|Any CPU.Build.0 = Release|Any CPU
		{E9639988-5462-494E-BA5D-9C1908AFF9BD}.Debug|Any CPU.ActiveCfg = Debug|Any CPU
		{E9639988-5462-494E-BA5D-9C1908AFF9BD}.Debug|Any CPU.Build.0 = Debug|Any CPU
		{E9639988-5462-494E-BA5D-9C1908AFF9BD}.Release|Any CPU.ActiveCfg = Release|Any CPU
		{E9639988-5462-494E-BA5D-9C1908AFF9BD}.Release|Any CPU.Build.0 = Release|Any CPU
		{F89B6FCA-4E58-4CBD-A8C3-B0B320FC734C}.Debug|Any CPU.ActiveCfg = Debug|Any CPU
		{F89B6FCA-4E58-4CBD-A8C3-B0B320FC734C}.Debug|Any CPU.Build.0 = Debug|Any CPU
		{F89B6FCA-4E58-4CBD-A8C3-B0B320FC734C}.Release|Any CPU.ActiveCfg = Release|Any CPU
		{F89B6FCA-4E58-4CBD-A8C3-B0B320FC734C}.Release|Any CPU.Build.0 = Release|Any CPU
		{4AC5CDE9-7E4D-4D54-9AFD-BFEF0F8C0C2C}.Debug|Any CPU.ActiveCfg = Debug|Any CPU
		{4AC5CDE9-7E4D-4D54-9AFD-BFEF0F8C0C2C}.Debug|Any CPU.Build.0 = Debug|Any CPU
		{4AC5CDE9-7E4D-4D54-9AFD-BFEF0F8C0C2C}.Release|Any CPU.ActiveCfg = Release|Any CPU
		{4AC5CDE9-7E4D-4D54-9AFD-BFEF0F8C0C2C}.Release|Any CPU.Build.0 = Release|Any CPU
		{6501FE3A-F3CB-4639-837E-EBEBB5F4A774}.Debug|Any CPU.ActiveCfg = Debug|Any CPU
		{6501FE3A-F3CB-4639-837E-EBEBB5F4A774}.Debug|Any CPU.Build.0 = Debug|Any CPU
		{6501FE3A-F3CB-4639-837E-EBEBB5F4A774}.Release|Any CPU.ActiveCfg = Release|Any CPU
		{6501FE3A-F3CB-4639-837E-EBEBB5F4A774}.Release|Any CPU.Build.0 = Release|Any CPU
		{6B07B6DF-3982-4647-B304-FCD128E64690}.Debug|Any CPU.ActiveCfg = Debug|Any CPU
		{6B07B6DF-3982-4647-B304-FCD128E64690}.Debug|Any CPU.Build.0 = Debug|Any CPU
		{6B07B6DF-3982-4647-B304-FCD128E64690}.Release|Any CPU.ActiveCfg = Release|Any CPU
		{6B07B6DF-3982-4647-B304-FCD128E64690}.Release|Any CPU.Build.0 = Release|Any CPU
		{D8631783-EFED-4100-8CA5-AD921ED33697}.Debug|Any CPU.ActiveCfg = Debug|Any CPU
		{D8631783-EFED-4100-8CA5-AD921ED33697}.Debug|Any CPU.Build.0 = Debug|Any CPU
		{D8631783-EFED-4100-8CA5-AD921ED33697}.Release|Any CPU.ActiveCfg = Release|Any CPU
		{D8631783-EFED-4100-8CA5-AD921ED33697}.Release|Any CPU.Build.0 = Release|Any CPU
		{EA806288-7C2C-440D-AA54-907523E2C9B2}.Debug|Any CPU.ActiveCfg = Debug|Any CPU
		{EA806288-7C2C-440D-AA54-907523E2C9B2}.Debug|Any CPU.Build.0 = Debug|Any CPU
		{EA806288-7C2C-440D-AA54-907523E2C9B2}.Release|Any CPU.ActiveCfg = Release|Any CPU
		{EA806288-7C2C-440D-AA54-907523E2C9B2}.Release|Any CPU.Build.0 = Release|Any CPU
		{2E98810A-2F94-41B8-AAC3-5A056E7732C4}.Debug|Any CPU.ActiveCfg = Debug|Any CPU
		{2E98810A-2F94-41B8-AAC3-5A056E7732C4}.Debug|Any CPU.Build.0 = Debug|Any CPU
		{2E98810A-2F94-41B8-AAC3-5A056E7732C4}.Release|Any CPU.ActiveCfg = Release|Any CPU
		{2E98810A-2F94-41B8-AAC3-5A056E7732C4}.Release|Any CPU.Build.0 = Release|Any CPU
		{A3DF12A4-7DE7-49A9-B493-5C61C70FCFCF}.Debug|Any CPU.ActiveCfg = Debug|Any CPU
		{A3DF12A4-7DE7-49A9-B493-5C61C70FCFCF}.Debug|Any CPU.Build.0 = Debug|Any CPU
		{A3DF12A4-7DE7-49A9-B493-5C61C70FCFCF}.Release|Any CPU.ActiveCfg = Release|Any CPU
		{A3DF12A4-7DE7-49A9-B493-5C61C70FCFCF}.Release|Any CPU.Build.0 = Release|Any CPU
		{6ECAE357-2D06-4FAA-AAA9-86A3971BE32C}.Debug|Any CPU.ActiveCfg = Debug|Any CPU
		{6ECAE357-2D06-4FAA-AAA9-86A3971BE32C}.Debug|Any CPU.Build.0 = Debug|Any CPU
		{6ECAE357-2D06-4FAA-AAA9-86A3971BE32C}.Release|Any CPU.ActiveCfg = Release|Any CPU
		{6ECAE357-2D06-4FAA-AAA9-86A3971BE32C}.Release|Any CPU.Build.0 = Release|Any CPU
		{D83FF60A-4B35-41C4-95EB-E059ECCCFA04}.Debug|Any CPU.ActiveCfg = Debug|Any CPU
		{D83FF60A-4B35-41C4-95EB-E059ECCCFA04}.Debug|Any CPU.Build.0 = Debug|Any CPU
		{D83FF60A-4B35-41C4-95EB-E059ECCCFA04}.Release|Any CPU.ActiveCfg = Release|Any CPU
		{D83FF60A-4B35-41C4-95EB-E059ECCCFA04}.Release|Any CPU.Build.0 = Release|Any CPU
		{CFD166F4-F5DF-41A5-B0E4-CA58B3548871}.Debug|Any CPU.ActiveCfg = Debug|Any CPU
		{CFD166F4-F5DF-41A5-B0E4-CA58B3548871}.Debug|Any CPU.Build.0 = Debug|Any CPU
		{CFD166F4-F5DF-41A5-B0E4-CA58B3548871}.Release|Any CPU.ActiveCfg = Release|Any CPU
		{CFD166F4-F5DF-41A5-B0E4-CA58B3548871}.Release|Any CPU.Build.0 = Release|Any CPU
		{AFCA8097-3DDB-4D20-8C96-55691DC302C8}.Debug|Any CPU.ActiveCfg = Debug|Any CPU
		{AFCA8097-3DDB-4D20-8C96-55691DC302C8}.Debug|Any CPU.Build.0 = Debug|Any CPU
		{AFCA8097-3DDB-4D20-8C96-55691DC302C8}.Release|Any CPU.ActiveCfg = Release|Any CPU
		{AFCA8097-3DDB-4D20-8C96-55691DC302C8}.Release|Any CPU.Build.0 = Release|Any CPU
		{5DC93A7A-5C2C-404C-B955-6FE34D621EC2}.Debug|Any CPU.ActiveCfg = Debug|Any CPU
		{5DC93A7A-5C2C-404C-B955-6FE34D621EC2}.Debug|Any CPU.Build.0 = Debug|Any CPU
		{5DC93A7A-5C2C-404C-B955-6FE34D621EC2}.Release|Any CPU.ActiveCfg = Release|Any CPU
		{5DC93A7A-5C2C-404C-B955-6FE34D621EC2}.Release|Any CPU.Build.0 = Release|Any CPU
		{4E95B741-4670-48A3-B163-7A0DE0288F99}.Debug|Any CPU.ActiveCfg = Debug|Any CPU
		{4E95B741-4670-48A3-B163-7A0DE0288F99}.Debug|Any CPU.Build.0 = Debug|Any CPU
		{4E95B741-4670-48A3-B163-7A0DE0288F99}.Release|Any CPU.ActiveCfg = Release|Any CPU
		{4E95B741-4670-48A3-B163-7A0DE0288F99}.Release|Any CPU.Build.0 = Release|Any CPU
		{994CB7B4-DB63-4BC4-BD17-12FDB7B55C65}.Debug|Any CPU.ActiveCfg = Debug|Any CPU
		{994CB7B4-DB63-4BC4-BD17-12FDB7B55C65}.Debug|Any CPU.Build.0 = Debug|Any CPU
		{994CB7B4-DB63-4BC4-BD17-12FDB7B55C65}.Release|Any CPU.ActiveCfg = Release|Any CPU
		{994CB7B4-DB63-4BC4-BD17-12FDB7B55C65}.Release|Any CPU.Build.0 = Release|Any CPU
		{B7E92F8D-4DDA-4808-B768-676101274A9D}.Debug|Any CPU.ActiveCfg = Debug|Any CPU
		{B7E92F8D-4DDA-4808-B768-676101274A9D}.Debug|Any CPU.Build.0 = Debug|Any CPU
		{B7E92F8D-4DDA-4808-B768-676101274A9D}.Release|Any CPU.ActiveCfg = Release|Any CPU
		{B7E92F8D-4DDA-4808-B768-676101274A9D}.Release|Any CPU.Build.0 = Release|Any CPU
		{3783ADD8-2DBD-4B1B-8723-0C329F8B56DF}.Debug|Any CPU.ActiveCfg = Debug|Any CPU
		{3783ADD8-2DBD-4B1B-8723-0C329F8B56DF}.Debug|Any CPU.Build.0 = Debug|Any CPU
		{3783ADD8-2DBD-4B1B-8723-0C329F8B56DF}.Release|Any CPU.ActiveCfg = Release|Any CPU
		{3783ADD8-2DBD-4B1B-8723-0C329F8B56DF}.Release|Any CPU.Build.0 = Release|Any CPU
		{705D21FC-7D5E-4794-A5BA-4F47FCFF13E5}.Debug|Any CPU.ActiveCfg = Debug|Any CPU
		{705D21FC-7D5E-4794-A5BA-4F47FCFF13E5}.Debug|Any CPU.Build.0 = Debug|Any CPU
		{705D21FC-7D5E-4794-A5BA-4F47FCFF13E5}.Release|Any CPU.ActiveCfg = Release|Any CPU
		{705D21FC-7D5E-4794-A5BA-4F47FCFF13E5}.Release|Any CPU.Build.0 = Release|Any CPU
		{3F58AD9E-58B3-472C-97AA-0FCB8E79A27E}.Debug|Any CPU.ActiveCfg = Debug|Any CPU
		{3F58AD9E-58B3-472C-97AA-0FCB8E79A27E}.Debug|Any CPU.Build.0 = Debug|Any CPU
		{3F58AD9E-58B3-472C-97AA-0FCB8E79A27E}.Release|Any CPU.ActiveCfg = Release|Any CPU
		{3F58AD9E-58B3-472C-97AA-0FCB8E79A27E}.Release|Any CPU.Build.0 = Release|Any CPU
		{1F5D2FAA-BFB8-46E9-889E-614C03ED04BB}.Debug|Any CPU.ActiveCfg = Debug|Any CPU
		{1F5D2FAA-BFB8-46E9-889E-614C03ED04BB}.Debug|Any CPU.Build.0 = Debug|Any CPU
		{1F5D2FAA-BFB8-46E9-889E-614C03ED04BB}.Release|Any CPU.ActiveCfg = Release|Any CPU
		{1F5D2FAA-BFB8-46E9-889E-614C03ED04BB}.Release|Any CPU.Build.0 = Release|Any CPU
		{5F4F938B-9A5D-4129-932E-596ECCC28CFF}.Debug|Any CPU.ActiveCfg = Debug|Any CPU
		{5F4F938B-9A5D-4129-932E-596ECCC28CFF}.Debug|Any CPU.Build.0 = Debug|Any CPU
		{5F4F938B-9A5D-4129-932E-596ECCC28CFF}.Release|Any CPU.ActiveCfg = Release|Any CPU
		{5F4F938B-9A5D-4129-932E-596ECCC28CFF}.Release|Any CPU.Build.0 = Release|Any CPU
		{7929B0B4-3C23-4D88-BDF1-4026FFD78C41}.Debug|Any CPU.ActiveCfg = Debug|Any CPU
		{7929B0B4-3C23-4D88-BDF1-4026FFD78C41}.Debug|Any CPU.Build.0 = Debug|Any CPU
		{7929B0B4-3C23-4D88-BDF1-4026FFD78C41}.Release|Any CPU.ActiveCfg = Release|Any CPU
		{7929B0B4-3C23-4D88-BDF1-4026FFD78C41}.Release|Any CPU.Build.0 = Release|Any CPU
		{FD094AB6-156B-42AB-8C7F-11D6A6A1EE40}.Debug|Any CPU.ActiveCfg = Debug|Any CPU
		{FD094AB6-156B-42AB-8C7F-11D6A6A1EE40}.Debug|Any CPU.Build.0 = Debug|Any CPU
		{FD094AB6-156B-42AB-8C7F-11D6A6A1EE40}.Release|Any CPU.ActiveCfg = Release|Any CPU
		{FD094AB6-156B-42AB-8C7F-11D6A6A1EE40}.Release|Any CPU.Build.0 = Release|Any CPU
		{1FB73EEA-0629-42FA-8AFA-75984D6F4E3B}.Debug|Any CPU.ActiveCfg = Debug|Any CPU
		{1FB73EEA-0629-42FA-8AFA-75984D6F4E3B}.Debug|Any CPU.Build.0 = Debug|Any CPU
		{1FB73EEA-0629-42FA-8AFA-75984D6F4E3B}.Release|Any CPU.ActiveCfg = Release|Any CPU
		{1FB73EEA-0629-42FA-8AFA-75984D6F4E3B}.Release|Any CPU.Build.0 = Release|Any CPU
		{6E22BBE2-F081-408C-B6CF-0E77F9041A84}.Debug|Any CPU.ActiveCfg = Debug|Any CPU
		{6E22BBE2-F081-408C-B6CF-0E77F9041A84}.Debug|Any CPU.Build.0 = Debug|Any CPU
		{6E22BBE2-F081-408C-B6CF-0E77F9041A84}.Release|Any CPU.ActiveCfg = Release|Any CPU
		{6E22BBE2-F081-408C-B6CF-0E77F9041A84}.Release|Any CPU.Build.0 = Release|Any CPU
		{EF316BAE-DAE1-4B86-9225-B7D484183CED}.Debug|Any CPU.ActiveCfg = Debug|Any CPU
		{EF316BAE-DAE1-4B86-9225-B7D484183CED}.Debug|Any CPU.Build.0 = Debug|Any CPU
		{EF316BAE-DAE1-4B86-9225-B7D484183CED}.Release|Any CPU.ActiveCfg = Release|Any CPU
		{EF316BAE-DAE1-4B86-9225-B7D484183CED}.Release|Any CPU.Build.0 = Release|Any CPU
		{447EB538-CC10-4A69-B546-FCC227F9A481}.Debug|Any CPU.ActiveCfg = Debug|Any CPU
		{447EB538-CC10-4A69-B546-FCC227F9A481}.Debug|Any CPU.Build.0 = Debug|Any CPU
		{447EB538-CC10-4A69-B546-FCC227F9A481}.Release|Any CPU.ActiveCfg = Release|Any CPU
		{447EB538-CC10-4A69-B546-FCC227F9A481}.Release|Any CPU.Build.0 = Release|Any CPU
		{E379ECA9-6135-444C-8D26-CC198C7D6162}.Debug|Any CPU.ActiveCfg = Debug|Any CPU
		{E379ECA9-6135-444C-8D26-CC198C7D6162}.Debug|Any CPU.Build.0 = Debug|Any CPU
		{E379ECA9-6135-444C-8D26-CC198C7D6162}.Release|Any CPU.ActiveCfg = Release|Any CPU
		{E379ECA9-6135-444C-8D26-CC198C7D6162}.Release|Any CPU.Build.0 = Release|Any CPU
		{17A45B20-9459-4BC6-B6CE-6E5B3F658C06}.Debug|Any CPU.ActiveCfg = Debug|Any CPU
		{17A45B20-9459-4BC6-B6CE-6E5B3F658C06}.Debug|Any CPU.Build.0 = Debug|Any CPU
		{17A45B20-9459-4BC6-B6CE-6E5B3F658C06}.Release|Any CPU.ActiveCfg = Release|Any CPU
		{17A45B20-9459-4BC6-B6CE-6E5B3F658C06}.Release|Any CPU.Build.0 = Release|Any CPU
		{5F6F1651-71EB-490E-AF67-BEA03C464D56}.Debug|Any CPU.ActiveCfg = Debug|Any CPU
		{5F6F1651-71EB-490E-AF67-BEA03C464D56}.Debug|Any CPU.Build.0 = Debug|Any CPU
		{5F6F1651-71EB-490E-AF67-BEA03C464D56}.Release|Any CPU.ActiveCfg = Release|Any CPU
		{5F6F1651-71EB-490E-AF67-BEA03C464D56}.Release|Any CPU.Build.0 = Release|Any CPU
		{57C5EAA1-210E-40E5-B68E-447CAA8E410B}.Debug|Any CPU.ActiveCfg = Debug|Any CPU
		{57C5EAA1-210E-40E5-B68E-447CAA8E410B}.Debug|Any CPU.Build.0 = Debug|Any CPU
		{57C5EAA1-210E-40E5-B68E-447CAA8E410B}.Release|Any CPU.ActiveCfg = Release|Any CPU
		{57C5EAA1-210E-40E5-B68E-447CAA8E410B}.Release|Any CPU.Build.0 = Release|Any CPU
		{7CDE9E92-DA42-4299-9201-CCFCD0757387}.Debug|Any CPU.ActiveCfg = Debug|Any CPU
		{7CDE9E92-DA42-4299-9201-CCFCD0757387}.Debug|Any CPU.Build.0 = Debug|Any CPU
		{7CDE9E92-DA42-4299-9201-CCFCD0757387}.Release|Any CPU.ActiveCfg = Release|Any CPU
		{7CDE9E92-DA42-4299-9201-CCFCD0757387}.Release|Any CPU.Build.0 = Release|Any CPU
		{5B21AF89-A37B-4907-853A-52B658273B5F}.Debug|Any CPU.ActiveCfg = Debug|Any CPU
		{5B21AF89-A37B-4907-853A-52B658273B5F}.Debug|Any CPU.Build.0 = Debug|Any CPU
		{5B21AF89-A37B-4907-853A-52B658273B5F}.Release|Any CPU.ActiveCfg = Release|Any CPU
		{5B21AF89-A37B-4907-853A-52B658273B5F}.Release|Any CPU.Build.0 = Release|Any CPU
		{98D9C400-1C58-49AF-B6CE-498CFD0FF52E}.Debug|Any CPU.ActiveCfg = Debug|Any CPU
		{98D9C400-1C58-49AF-B6CE-498CFD0FF52E}.Debug|Any CPU.Build.0 = Debug|Any CPU
		{98D9C400-1C58-49AF-B6CE-498CFD0FF52E}.Release|Any CPU.ActiveCfg = Release|Any CPU
		{98D9C400-1C58-49AF-B6CE-498CFD0FF52E}.Release|Any CPU.Build.0 = Release|Any CPU
		{CD8D02FE-6FE3-4B8D-8343-042992E92F69}.Debug|Any CPU.ActiveCfg = Debug|Any CPU
		{CD8D02FE-6FE3-4B8D-8343-042992E92F69}.Debug|Any CPU.Build.0 = Debug|Any CPU
		{CD8D02FE-6FE3-4B8D-8343-042992E92F69}.Release|Any CPU.ActiveCfg = Release|Any CPU
		{CD8D02FE-6FE3-4B8D-8343-042992E92F69}.Release|Any CPU.Build.0 = Release|Any CPU
		{85DBE414-2C19-412A-84C5-0EC462DEED72}.Debug|Any CPU.ActiveCfg = Debug|Any CPU
		{85DBE414-2C19-412A-84C5-0EC462DEED72}.Debug|Any CPU.Build.0 = Debug|Any CPU
		{85DBE414-2C19-412A-84C5-0EC462DEED72}.Release|Any CPU.ActiveCfg = Release|Any CPU
		{85DBE414-2C19-412A-84C5-0EC462DEED72}.Release|Any CPU.Build.0 = Release|Any CPU
		{3E78DF11-ADA7-4B04-842D-1B654FC2F1D1}.Debug|Any CPU.ActiveCfg = Debug|Any CPU
		{3E78DF11-ADA7-4B04-842D-1B654FC2F1D1}.Debug|Any CPU.Build.0 = Debug|Any CPU
		{3E78DF11-ADA7-4B04-842D-1B654FC2F1D1}.Release|Any CPU.ActiveCfg = Release|Any CPU
		{3E78DF11-ADA7-4B04-842D-1B654FC2F1D1}.Release|Any CPU.Build.0 = Release|Any CPU
		{01A69237-0BDF-40C1-886D-447CA60C5A0C}.Debug|Any CPU.ActiveCfg = Debug|Any CPU
		{01A69237-0BDF-40C1-886D-447CA60C5A0C}.Debug|Any CPU.Build.0 = Debug|Any CPU
		{01A69237-0BDF-40C1-886D-447CA60C5A0C}.Release|Any CPU.ActiveCfg = Release|Any CPU
		{01A69237-0BDF-40C1-886D-447CA60C5A0C}.Release|Any CPU.Build.0 = Release|Any CPU
		{7F0E4B5C-52D9-4A30-A2BB-E26A38626B9B}.Debug|Any CPU.ActiveCfg = Debug|Any CPU
		{7F0E4B5C-52D9-4A30-A2BB-E26A38626B9B}.Debug|Any CPU.Build.0 = Debug|Any CPU
		{7F0E4B5C-52D9-4A30-A2BB-E26A38626B9B}.Release|Any CPU.ActiveCfg = Release|Any CPU
		{7F0E4B5C-52D9-4A30-A2BB-E26A38626B9B}.Release|Any CPU.Build.0 = Release|Any CPU
		{5DBCF214-9989-4BE0-AE30-CC3B98D34280}.Debug|Any CPU.ActiveCfg = Debug|Any CPU
		{5DBCF214-9989-4BE0-AE30-CC3B98D34280}.Debug|Any CPU.Build.0 = Debug|Any CPU
		{5DBCF214-9989-4BE0-AE30-CC3B98D34280}.Release|Any CPU.ActiveCfg = Release|Any CPU
		{5DBCF214-9989-4BE0-AE30-CC3B98D34280}.Release|Any CPU.Build.0 = Release|Any CPU
		{418189CB-E5B0-45F2-A8D5-F4CADB6EC505}.Debug|Any CPU.ActiveCfg = Debug|Any CPU
		{418189CB-E5B0-45F2-A8D5-F4CADB6EC505}.Debug|Any CPU.Build.0 = Debug|Any CPU
		{418189CB-E5B0-45F2-A8D5-F4CADB6EC505}.Release|Any CPU.ActiveCfg = Release|Any CPU
		{418189CB-E5B0-45F2-A8D5-F4CADB6EC505}.Release|Any CPU.Build.0 = Release|Any CPU
		{86F9C513-B11E-4B8C-AAC0-5AE70ABAC3B1}.Debug|Any CPU.ActiveCfg = Debug|Any CPU
		{86F9C513-B11E-4B8C-AAC0-5AE70ABAC3B1}.Debug|Any CPU.Build.0 = Debug|Any CPU
		{86F9C513-B11E-4B8C-AAC0-5AE70ABAC3B1}.Release|Any CPU.ActiveCfg = Release|Any CPU
		{86F9C513-B11E-4B8C-AAC0-5AE70ABAC3B1}.Release|Any CPU.Build.0 = Release|Any CPU
		{A39C7DB5-4B72-4854-A810-D7369027A8CD}.Debug|Any CPU.ActiveCfg = Debug|Any CPU
		{A39C7DB5-4B72-4854-A810-D7369027A8CD}.Debug|Any CPU.Build.0 = Debug|Any CPU
		{A39C7DB5-4B72-4854-A810-D7369027A8CD}.Release|Any CPU.ActiveCfg = Release|Any CPU
		{A39C7DB5-4B72-4854-A810-D7369027A8CD}.Release|Any CPU.Build.0 = Release|Any CPU
		{AE47C740-2715-493D-B947-8E9CCA8B625A}.Debug|Any CPU.ActiveCfg = Debug|Any CPU
		{AE47C740-2715-493D-B947-8E9CCA8B625A}.Debug|Any CPU.Build.0 = Debug|Any CPU
		{AE47C740-2715-493D-B947-8E9CCA8B625A}.Release|Any CPU.ActiveCfg = Release|Any CPU
		{AE47C740-2715-493D-B947-8E9CCA8B625A}.Release|Any CPU.Build.0 = Release|Any CPU
		{DFCD5A94-1F35-4E7E-A114-A3992EED79FB}.Debug|Any CPU.ActiveCfg = Debug|Any CPU
		{DFCD5A94-1F35-4E7E-A114-A3992EED79FB}.Debug|Any CPU.Build.0 = Debug|Any CPU
		{DFCD5A94-1F35-4E7E-A114-A3992EED79FB}.Release|Any CPU.ActiveCfg = Release|Any CPU
		{DFCD5A94-1F35-4E7E-A114-A3992EED79FB}.Release|Any CPU.Build.0 = Release|Any CPU
		{9D838362-D205-404F-869A-4A6B7D4B8EBB}.Debug|Any CPU.ActiveCfg = Debug|Any CPU
		{9D838362-D205-404F-869A-4A6B7D4B8EBB}.Debug|Any CPU.Build.0 = Debug|Any CPU
		{9D838362-D205-404F-869A-4A6B7D4B8EBB}.Release|Any CPU.ActiveCfg = Release|Any CPU
		{9D838362-D205-404F-869A-4A6B7D4B8EBB}.Release|Any CPU.Build.0 = Release|Any CPU
		{3CE3CB59-C081-461C-935E-A34CF5603C16}.Debug|Any CPU.ActiveCfg = Debug|Any CPU
		{3CE3CB59-C081-461C-935E-A34CF5603C16}.Debug|Any CPU.Build.0 = Debug|Any CPU
		{3CE3CB59-C081-461C-935E-A34CF5603C16}.Release|Any CPU.ActiveCfg = Release|Any CPU
		{3CE3CB59-C081-461C-935E-A34CF5603C16}.Release|Any CPU.Build.0 = Release|Any CPU
		{0C84C6AC-E001-4591-A063-FAC6705F71A8}.Debug|Any CPU.ActiveCfg = Debug|Any CPU
		{0C84C6AC-E001-4591-A063-FAC6705F71A8}.Debug|Any CPU.Build.0 = Debug|Any CPU
		{0C84C6AC-E001-4591-A063-FAC6705F71A8}.Release|Any CPU.ActiveCfg = Release|Any CPU
		{0C84C6AC-E001-4591-A063-FAC6705F71A8}.Release|Any CPU.Build.0 = Release|Any CPU
		{DABF9612-3738-4481-B6A2-F2ECE4FD0C6B}.Debug|Any CPU.ActiveCfg = Debug|Any CPU
		{DABF9612-3738-4481-B6A2-F2ECE4FD0C6B}.Debug|Any CPU.Build.0 = Debug|Any CPU
		{DABF9612-3738-4481-B6A2-F2ECE4FD0C6B}.Release|Any CPU.ActiveCfg = Release|Any CPU
		{DABF9612-3738-4481-B6A2-F2ECE4FD0C6B}.Release|Any CPU.Build.0 = Release|Any CPU
		{D818CDC4-8E2D-4A54-A749-E84D926FB335}.Debug|Any CPU.ActiveCfg = Debug|Any CPU
		{D818CDC4-8E2D-4A54-A749-E84D926FB335}.Debug|Any CPU.Build.0 = Debug|Any CPU
		{D818CDC4-8E2D-4A54-A749-E84D926FB335}.Release|Any CPU.ActiveCfg = Release|Any CPU
		{D818CDC4-8E2D-4A54-A749-E84D926FB335}.Release|Any CPU.Build.0 = Release|Any CPU
		{84BD8464-13F9-4C1E-86DF-7A4C613E458D}.Debug|Any CPU.ActiveCfg = Debug|Any CPU
		{84BD8464-13F9-4C1E-86DF-7A4C613E458D}.Debug|Any CPU.Build.0 = Debug|Any CPU
		{84BD8464-13F9-4C1E-86DF-7A4C613E458D}.Release|Any CPU.ActiveCfg = Release|Any CPU
		{84BD8464-13F9-4C1E-86DF-7A4C613E458D}.Release|Any CPU.Build.0 = Release|Any CPU
		{381572CF-3AFF-4932-B6B8-57BA0A3E701E}.Debug|Any CPU.ActiveCfg = Debug|Any CPU
		{381572CF-3AFF-4932-B6B8-57BA0A3E701E}.Debug|Any CPU.Build.0 = Debug|Any CPU
		{381572CF-3AFF-4932-B6B8-57BA0A3E701E}.Release|Any CPU.ActiveCfg = Release|Any CPU
		{381572CF-3AFF-4932-B6B8-57BA0A3E701E}.Release|Any CPU.Build.0 = Release|Any CPU
		{60E0E815-2E17-4229-B7B9-494A11142998}.Debug|Any CPU.ActiveCfg = Debug|Any CPU
		{60E0E815-2E17-4229-B7B9-494A11142998}.Debug|Any CPU.Build.0 = Debug|Any CPU
		{60E0E815-2E17-4229-B7B9-494A11142998}.Release|Any CPU.ActiveCfg = Release|Any CPU
		{60E0E815-2E17-4229-B7B9-494A11142998}.Release|Any CPU.Build.0 = Release|Any CPU
		{AB3A76C5-2118-4399-B374-2FD804AACEA6}.Debug|Any CPU.ActiveCfg = Debug|Any CPU
		{AB3A76C5-2118-4399-B374-2FD804AACEA6}.Debug|Any CPU.Build.0 = Debug|Any CPU
		{AB3A76C5-2118-4399-B374-2FD804AACEA6}.Release|Any CPU.ActiveCfg = Release|Any CPU
		{AB3A76C5-2118-4399-B374-2FD804AACEA6}.Release|Any CPU.Build.0 = Release|Any CPU
		{73FCB618-0FC9-4839-8431-F18176508D24}.Debug|Any CPU.ActiveCfg = Debug|Any CPU
		{73FCB618-0FC9-4839-8431-F18176508D24}.Debug|Any CPU.Build.0 = Debug|Any CPU
		{73FCB618-0FC9-4839-8431-F18176508D24}.Release|Any CPU.ActiveCfg = Release|Any CPU
		{73FCB618-0FC9-4839-8431-F18176508D24}.Release|Any CPU.Build.0 = Release|Any CPU
		{2A2C424C-2DAF-42CB-A8E1-AB0963810591}.Debug|Any CPU.ActiveCfg = Debug|Any CPU
		{2A2C424C-2DAF-42CB-A8E1-AB0963810591}.Debug|Any CPU.Build.0 = Debug|Any CPU
		{2A2C424C-2DAF-42CB-A8E1-AB0963810591}.Release|Any CPU.ActiveCfg = Release|Any CPU
		{2A2C424C-2DAF-42CB-A8E1-AB0963810591}.Release|Any CPU.Build.0 = Release|Any CPU
		{0B45AB42-BFB8-45B9-85FC-A92ACC35AC5B}.Debug|Any CPU.ActiveCfg = Debug|Any CPU
		{0B45AB42-BFB8-45B9-85FC-A92ACC35AC5B}.Debug|Any CPU.Build.0 = Debug|Any CPU
		{0B45AB42-BFB8-45B9-85FC-A92ACC35AC5B}.Release|Any CPU.ActiveCfg = Release|Any CPU
		{0B45AB42-BFB8-45B9-85FC-A92ACC35AC5B}.Release|Any CPU.Build.0 = Release|Any CPU
		{BF1311A8-8289-4B5A-A677-BD32E8204A74}.Debug|Any CPU.ActiveCfg = Debug|Any CPU
		{BF1311A8-8289-4B5A-A677-BD32E8204A74}.Debug|Any CPU.Build.0 = Debug|Any CPU
		{BF1311A8-8289-4B5A-A677-BD32E8204A74}.Release|Any CPU.ActiveCfg = Release|Any CPU
		{BF1311A8-8289-4B5A-A677-BD32E8204A74}.Release|Any CPU.Build.0 = Release|Any CPU
		{3615B91A-2355-463B-AB68-338EF086B551}.Debug|Any CPU.ActiveCfg = Debug|Any CPU
		{3615B91A-2355-463B-AB68-338EF086B551}.Debug|Any CPU.Build.0 = Debug|Any CPU
		{3615B91A-2355-463B-AB68-338EF086B551}.Release|Any CPU.ActiveCfg = Release|Any CPU
		{3615B91A-2355-463B-AB68-338EF086B551}.Release|Any CPU.Build.0 = Release|Any CPU
		{6156D93D-7CC8-4B98-8D9B-0EA474553894}.Debug|Any CPU.ActiveCfg = Debug|Any CPU
		{6156D93D-7CC8-4B98-8D9B-0EA474553894}.Debug|Any CPU.Build.0 = Debug|Any CPU
		{6156D93D-7CC8-4B98-8D9B-0EA474553894}.Release|Any CPU.ActiveCfg = Release|Any CPU
		{6156D93D-7CC8-4B98-8D9B-0EA474553894}.Release|Any CPU.Build.0 = Release|Any CPU
		{EC7FA043-85D4-45D2-B69C-572EA8AA444C}.Debug|Any CPU.ActiveCfg = Debug|Any CPU
		{EC7FA043-85D4-45D2-B69C-572EA8AA444C}.Debug|Any CPU.Build.0 = Debug|Any CPU
		{EC7FA043-85D4-45D2-B69C-572EA8AA444C}.Release|Any CPU.ActiveCfg = Release|Any CPU
		{EC7FA043-85D4-45D2-B69C-572EA8AA444C}.Release|Any CPU.Build.0 = Release|Any CPU
		{45816AEF-802F-4BAA-982A-A58D1EC4782F}.Debug|Any CPU.ActiveCfg = Debug|Any CPU
		{45816AEF-802F-4BAA-982A-A58D1EC4782F}.Debug|Any CPU.Build.0 = Debug|Any CPU
		{45816AEF-802F-4BAA-982A-A58D1EC4782F}.Release|Any CPU.ActiveCfg = Release|Any CPU
		{45816AEF-802F-4BAA-982A-A58D1EC4782F}.Release|Any CPU.Build.0 = Release|Any CPU
		{9931BE6E-8260-4CAB-9892-16CC4CF60FA3}.Debug|Any CPU.ActiveCfg = Debug|Any CPU
		{9931BE6E-8260-4CAB-9892-16CC4CF60FA3}.Debug|Any CPU.Build.0 = Debug|Any CPU
		{9931BE6E-8260-4CAB-9892-16CC4CF60FA3}.Release|Any CPU.ActiveCfg = Release|Any CPU
		{9931BE6E-8260-4CAB-9892-16CC4CF60FA3}.Release|Any CPU.Build.0 = Release|Any CPU
		{2AB2536F-7AFE-48D7-AF59-B76DEBFA513A}.Debug|Any CPU.ActiveCfg = Debug|Any CPU
		{2AB2536F-7AFE-48D7-AF59-B76DEBFA513A}.Debug|Any CPU.Build.0 = Debug|Any CPU
		{2AB2536F-7AFE-48D7-AF59-B76DEBFA513A}.Release|Any CPU.ActiveCfg = Release|Any CPU
		{2AB2536F-7AFE-48D7-AF59-B76DEBFA513A}.Release|Any CPU.Build.0 = Release|Any CPU
		{30022286-7763-458C-A8A6-0296C6C0CA19}.Debug|Any CPU.ActiveCfg = Debug|Any CPU
		{30022286-7763-458C-A8A6-0296C6C0CA19}.Debug|Any CPU.Build.0 = Debug|Any CPU
		{30022286-7763-458C-A8A6-0296C6C0CA19}.Release|Any CPU.ActiveCfg = Release|Any CPU
		{30022286-7763-458C-A8A6-0296C6C0CA19}.Release|Any CPU.Build.0 = Release|Any CPU
		{F7E8D11A-1517-4E1F-B7AF-81361BA612CA}.Debug|Any CPU.ActiveCfg = Debug|Any CPU
		{F7E8D11A-1517-4E1F-B7AF-81361BA612CA}.Debug|Any CPU.Build.0 = Debug|Any CPU
		{F7E8D11A-1517-4E1F-B7AF-81361BA612CA}.Release|Any CPU.ActiveCfg = Release|Any CPU
		{F7E8D11A-1517-4E1F-B7AF-81361BA612CA}.Release|Any CPU.Build.0 = Release|Any CPU
		{3278E212-876A-462B-9382-AB5A89BBE291}.Debug|Any CPU.ActiveCfg = Debug|Any CPU
		{3278E212-876A-462B-9382-AB5A89BBE291}.Debug|Any CPU.Build.0 = Debug|Any CPU
		{3278E212-876A-462B-9382-AB5A89BBE291}.Release|Any CPU.ActiveCfg = Release|Any CPU
		{3278E212-876A-462B-9382-AB5A89BBE291}.Release|Any CPU.Build.0 = Release|Any CPU
		{67356538-8C5B-41B8-B0C4-813A65A8FE41}.Debug|Any CPU.ActiveCfg = Debug|Any CPU
		{67356538-8C5B-41B8-B0C4-813A65A8FE41}.Debug|Any CPU.Build.0 = Debug|Any CPU
		{67356538-8C5B-41B8-B0C4-813A65A8FE41}.Release|Any CPU.ActiveCfg = Release|Any CPU
		{67356538-8C5B-41B8-B0C4-813A65A8FE41}.Release|Any CPU.Build.0 = Release|Any CPU
		{8C280993-4516-4A59-84FE-32758B9B4D6D}.Debug|Any CPU.ActiveCfg = Debug|Any CPU
		{8C280993-4516-4A59-84FE-32758B9B4D6D}.Debug|Any CPU.Build.0 = Debug|Any CPU
		{8C280993-4516-4A59-84FE-32758B9B4D6D}.Release|Any CPU.ActiveCfg = Release|Any CPU
		{8C280993-4516-4A59-84FE-32758B9B4D6D}.Release|Any CPU.Build.0 = Release|Any CPU
		{3B311868-3FD8-4B49-84A4-6D8F8AFF55AD}.Debug|Any CPU.ActiveCfg = Debug|Any CPU
		{3B311868-3FD8-4B49-84A4-6D8F8AFF55AD}.Debug|Any CPU.Build.0 = Debug|Any CPU
		{3B311868-3FD8-4B49-84A4-6D8F8AFF55AD}.Release|Any CPU.ActiveCfg = Release|Any CPU
		{3B311868-3FD8-4B49-84A4-6D8F8AFF55AD}.Release|Any CPU.Build.0 = Release|Any CPU
		{619BA876-38C1-4D12-8859-A9A4E336FE82}.Debug|Any CPU.ActiveCfg = Debug|Any CPU
		{619BA876-38C1-4D12-8859-A9A4E336FE82}.Debug|Any CPU.Build.0 = Debug|Any CPU
		{619BA876-38C1-4D12-8859-A9A4E336FE82}.Release|Any CPU.ActiveCfg = Release|Any CPU
		{619BA876-38C1-4D12-8859-A9A4E336FE82}.Release|Any CPU.Build.0 = Release|Any CPU
		{09A15B70-FF8D-4C04-B608-10243CE9F3B1}.Debug|Any CPU.ActiveCfg = Debug|Any CPU
		{09A15B70-FF8D-4C04-B608-10243CE9F3B1}.Debug|Any CPU.Build.0 = Debug|Any CPU
		{09A15B70-FF8D-4C04-B608-10243CE9F3B1}.Release|Any CPU.ActiveCfg = Release|Any CPU
		{09A15B70-FF8D-4C04-B608-10243CE9F3B1}.Release|Any CPU.Build.0 = Release|Any CPU
		{95A474AD-D146-4A2D-B9AD-20C35F553F0E}.Debug|Any CPU.ActiveCfg = Debug|Any CPU
		{95A474AD-D146-4A2D-B9AD-20C35F553F0E}.Debug|Any CPU.Build.0 = Debug|Any CPU
		{95A474AD-D146-4A2D-B9AD-20C35F553F0E}.Release|Any CPU.ActiveCfg = Release|Any CPU
		{95A474AD-D146-4A2D-B9AD-20C35F553F0E}.Release|Any CPU.Build.0 = Release|Any CPU
		{6DCABF8C-E804-4D05-BA09-C333F0648737}.Debug|Any CPU.ActiveCfg = Debug|Any CPU
		{6DCABF8C-E804-4D05-BA09-C333F0648737}.Debug|Any CPU.Build.0 = Debug|Any CPU
		{6DCABF8C-E804-4D05-BA09-C333F0648737}.Release|Any CPU.ActiveCfg = Release|Any CPU
		{6DCABF8C-E804-4D05-BA09-C333F0648737}.Release|Any CPU.Build.0 = Release|Any CPU
		{2C1F2B2A-4EFF-4A5E-933F-FEF88DFE8125}.Debug|Any CPU.ActiveCfg = Debug|Any CPU
		{2C1F2B2A-4EFF-4A5E-933F-FEF88DFE8125}.Debug|Any CPU.Build.0 = Debug|Any CPU
		{2C1F2B2A-4EFF-4A5E-933F-FEF88DFE8125}.Release|Any CPU.ActiveCfg = Release|Any CPU
		{2C1F2B2A-4EFF-4A5E-933F-FEF88DFE8125}.Release|Any CPU.Build.0 = Release|Any CPU
		{064B9F30-6B5E-4172-B009-5398030B1AF6}.Debug|Any CPU.ActiveCfg = Debug|Any CPU
		{064B9F30-6B5E-4172-B009-5398030B1AF6}.Debug|Any CPU.Build.0 = Debug|Any CPU
		{064B9F30-6B5E-4172-B009-5398030B1AF6}.Release|Any CPU.ActiveCfg = Release|Any CPU
		{064B9F30-6B5E-4172-B009-5398030B1AF6}.Release|Any CPU.Build.0 = Release|Any CPU
		{4C0E486B-4581-4CA1-A466-4ACDCE704094}.Debug|Any CPU.ActiveCfg = Debug|Any CPU
		{4C0E486B-4581-4CA1-A466-4ACDCE704094}.Debug|Any CPU.Build.0 = Debug|Any CPU
		{4C0E486B-4581-4CA1-A466-4ACDCE704094}.Release|Any CPU.ActiveCfg = Release|Any CPU
		{4C0E486B-4581-4CA1-A466-4ACDCE704094}.Release|Any CPU.Build.0 = Release|Any CPU
		{9BB27EF7-5FB3-4ABB-B63E-770326C027AD}.Debug|Any CPU.ActiveCfg = Debug|Any CPU
		{9BB27EF7-5FB3-4ABB-B63E-770326C027AD}.Debug|Any CPU.Build.0 = Debug|Any CPU
		{9BB27EF7-5FB3-4ABB-B63E-770326C027AD}.Release|Any CPU.ActiveCfg = Release|Any CPU
		{9BB27EF7-5FB3-4ABB-B63E-770326C027AD}.Release|Any CPU.Build.0 = Release|Any CPU
		{496541BC-7C0C-46AC-A1BC-4B8397B20A6C}.Debug|Any CPU.ActiveCfg = Debug|Any CPU
		{496541BC-7C0C-46AC-A1BC-4B8397B20A6C}.Debug|Any CPU.Build.0 = Debug|Any CPU
		{496541BC-7C0C-46AC-A1BC-4B8397B20A6C}.Release|Any CPU.ActiveCfg = Release|Any CPU
		{496541BC-7C0C-46AC-A1BC-4B8397B20A6C}.Release|Any CPU.Build.0 = Release|Any CPU
		{5D6C06DC-0497-4576-8BF1-F58086069871}.Debug|Any CPU.ActiveCfg = Debug|Any CPU
		{5D6C06DC-0497-4576-8BF1-F58086069871}.Debug|Any CPU.Build.0 = Debug|Any CPU
		{5D6C06DC-0497-4576-8BF1-F58086069871}.Release|Any CPU.ActiveCfg = Release|Any CPU
		{5D6C06DC-0497-4576-8BF1-F58086069871}.Release|Any CPU.Build.0 = Release|Any CPU
		{B8A68022-CEBA-4A46-A5C9-746F88647D7C}.Debug|Any CPU.ActiveCfg = Debug|Any CPU
		{B8A68022-CEBA-4A46-A5C9-746F88647D7C}.Debug|Any CPU.Build.0 = Debug|Any CPU
		{B8A68022-CEBA-4A46-A5C9-746F88647D7C}.Release|Any CPU.ActiveCfg = Release|Any CPU
		{B8A68022-CEBA-4A46-A5C9-746F88647D7C}.Release|Any CPU.Build.0 = Release|Any CPU
		{BA212F19-FFCC-4945-9749-150723062425}.Debug|Any CPU.ActiveCfg = Debug|Any CPU
		{BA212F19-FFCC-4945-9749-150723062425}.Debug|Any CPU.Build.0 = Debug|Any CPU
		{BA212F19-FFCC-4945-9749-150723062425}.Release|Any CPU.ActiveCfg = Release|Any CPU
		{BA212F19-FFCC-4945-9749-150723062425}.Release|Any CPU.Build.0 = Release|Any CPU
		{28F23137-90A2-4A3B-8C4C-D317DFC83476}.Debug|Any CPU.ActiveCfg = Debug|Any CPU
		{28F23137-90A2-4A3B-8C4C-D317DFC83476}.Debug|Any CPU.Build.0 = Debug|Any CPU
		{28F23137-90A2-4A3B-8C4C-D317DFC83476}.Release|Any CPU.ActiveCfg = Release|Any CPU
		{28F23137-90A2-4A3B-8C4C-D317DFC83476}.Release|Any CPU.Build.0 = Release|Any CPU
		{C20AD11D-B4FA-4812-A69C-696F0BA7CD05}.Debug|Any CPU.ActiveCfg = Debug|Any CPU
		{C20AD11D-B4FA-4812-A69C-696F0BA7CD05}.Debug|Any CPU.Build.0 = Debug|Any CPU
		{C20AD11D-B4FA-4812-A69C-696F0BA7CD05}.Release|Any CPU.ActiveCfg = Release|Any CPU
		{C20AD11D-B4FA-4812-A69C-696F0BA7CD05}.Release|Any CPU.Build.0 = Release|Any CPU
	EndGlobalSection
	GlobalSection(SolutionProperties) = preSolution
		HideSolutionNode = FALSE
	EndGlobalSection
	GlobalSection(NestedProjects) = preSolution
		{480B8EA5-4AA7-493E-B910-F20C89BD6ADF} = {33BFEC95-4DEA-4CC4-BE29-DC82BD62EF91}
		{FD094AB6-156B-42AB-8C7F-11D6A6A1EE40} = {114E9575-D522-40B9-ABC6-1BCD4009D692}
		{1FB73EEA-0629-42FA-8AFA-75984D6F4E3B} = {114E9575-D522-40B9-ABC6-1BCD4009D692}
		{6E22BBE2-F081-408C-B6CF-0E77F9041A84} = {114E9575-D522-40B9-ABC6-1BCD4009D692}
		{EF316BAE-DAE1-4B86-9225-B7D484183CED} = {114E9575-D522-40B9-ABC6-1BCD4009D692}
		{447EB538-CC10-4A69-B546-FCC227F9A481} = {114E9575-D522-40B9-ABC6-1BCD4009D692}
		{84BD8464-13F9-4C1E-86DF-7A4C613E458D} = {7B921EDF-53B0-4458-AE52-505A3BD7D35B}
		{381572CF-3AFF-4932-B6B8-57BA0A3E701E} = {7B921EDF-53B0-4458-AE52-505A3BD7D35B}
		{60E0E815-2E17-4229-B7B9-494A11142998} = {7B921EDF-53B0-4458-AE52-505A3BD7D35B}
		{AB3A76C5-2118-4399-B374-2FD804AACEA6} = {7B921EDF-53B0-4458-AE52-505A3BD7D35B}
		{73FCB618-0FC9-4839-8431-F18176508D24} = {7B921EDF-53B0-4458-AE52-505A3BD7D35B}
		{2A2C424C-2DAF-42CB-A8E1-AB0963810591} = {7B921EDF-53B0-4458-AE52-505A3BD7D35B}
		{0B45AB42-BFB8-45B9-85FC-A92ACC35AC5B} = {7B921EDF-53B0-4458-AE52-505A3BD7D35B}
		{BF1311A8-8289-4B5A-A677-BD32E8204A74} = {7B921EDF-53B0-4458-AE52-505A3BD7D35B}
		{3615B91A-2355-463B-AB68-338EF086B551} = {33BFEC95-4DEA-4CC4-BE29-DC82BD62EF91}
		{6156D93D-7CC8-4B98-8D9B-0EA474553894} = {33BFEC95-4DEA-4CC4-BE29-DC82BD62EF91}
		{EC7FA043-85D4-45D2-B69C-572EA8AA444C} = {33BFEC95-4DEA-4CC4-BE29-DC82BD62EF91}
		{45816AEF-802F-4BAA-982A-A58D1EC4782F} = {33BFEC95-4DEA-4CC4-BE29-DC82BD62EF91}
		{9931BE6E-8260-4CAB-9892-16CC4CF60FA3} = {33BFEC95-4DEA-4CC4-BE29-DC82BD62EF91}
		{2AB2536F-7AFE-48D7-AF59-B76DEBFA513A} = {33BFEC95-4DEA-4CC4-BE29-DC82BD62EF91}
		{30022286-7763-458C-A8A6-0296C6C0CA19} = {33BFEC95-4DEA-4CC4-BE29-DC82BD62EF91}
		{F7E8D11A-1517-4E1F-B7AF-81361BA612CA} = {33BFEC95-4DEA-4CC4-BE29-DC82BD62EF91}
		{3278E212-876A-462B-9382-AB5A89BBE291} = {33BFEC95-4DEA-4CC4-BE29-DC82BD62EF91}
		{8C280993-4516-4A59-84FE-32758B9B4D6D} = {DA9ACA70-5D83-4212-B817-47EC90BEA105}
		{3B311868-3FD8-4B49-84A4-6D8F8AFF55AD} = {DA9ACA70-5D83-4212-B817-47EC90BEA105}
		{619BA876-38C1-4D12-8859-A9A4E336FE82} = {DA9ACA70-5D83-4212-B817-47EC90BEA105}
		{09A15B70-FF8D-4C04-B608-10243CE9F3B1} = {DA9ACA70-5D83-4212-B817-47EC90BEA105}
		{7D1475B8-552B-4177-AF25-512B0D99D81D} = {33BFEC95-4DEA-4CC4-BE29-DC82BD62EF91}
		{95A474AD-D146-4A2D-B9AD-20C35F553F0E} = {7D1475B8-552B-4177-AF25-512B0D99D81D}
		{6DCABF8C-E804-4D05-BA09-C333F0648737} = {7D1475B8-552B-4177-AF25-512B0D99D81D}
		{2C1F2B2A-4EFF-4A5E-933F-FEF88DFE8125} = {33BFEC95-4DEA-4CC4-BE29-DC82BD62EF91}
		{CBDB39F8-8691-4231-B373-12484F00F9A9} = {33BFEC95-4DEA-4CC4-BE29-DC82BD62EF91}
		{064B9F30-6B5E-4172-B009-5398030B1AF6} = {CBDB39F8-8691-4231-B373-12484F00F9A9}
		{4C0E486B-4581-4CA1-A466-4ACDCE704094} = {CBDB39F8-8691-4231-B373-12484F00F9A9}
		{9BB27EF7-5FB3-4ABB-B63E-770326C027AD} = {DA9ACA70-5D83-4212-B817-47EC90BEA105}
		{496541BC-7C0C-46AC-A1BC-4B8397B20A6C} = {DA9ACA70-5D83-4212-B817-47EC90BEA105}
		{5D6C06DC-0497-4576-8BF1-F58086069871} = {DA9ACA70-5D83-4212-B817-47EC90BEA105}
		{B8A68022-CEBA-4A46-A5C9-746F88647D7C} = {DA9ACA70-5D83-4212-B817-47EC90BEA105}
		{BA212F19-FFCC-4945-9749-150723062425} = {DA9ACA70-5D83-4212-B817-47EC90BEA105}
		{28F23137-90A2-4A3B-8C4C-D317DFC83476} = {DA9ACA70-5D83-4212-B817-47EC90BEA105}
		{C20AD11D-B4FA-4812-A69C-696F0BA7CD05} = {DA9ACA70-5D83-4212-B817-47EC90BEA105}
	EndGlobalSection
	GlobalSection(ExtensibilityGlobals) = postSolution
		SolutionGuid = {72C7B389-4144-4568-B93F-CFAD988CEABF}
	EndGlobalSection
EndGlobal
